// !$*UTF8*$!
{
	archiveVersion = 1;
	classes = {
	};
	objectVersion = 50;
	objects = {

/* Begin PBXBuildFile section */
		F542114F250FA57B00D6ACFE /* CustomErrorTests.swift in Sources */ = {isa = PBXBuildFile; fileRef = F542114E250FA57B00D6ACFE /* CustomErrorTests.swift */; };
		F573320B250F6F6B002FB2DD /* NetworkingServiceTests.swift in Sources */ = {isa = PBXBuildFile; fileRef = F573320A250F6F6B002FB2DD /* NetworkingServiceTests.swift */; };
		F573320D250F6FEC002FB2DD /* NetworkingService.swift in Sources */ = {isa = PBXBuildFile; fileRef = F573320C250F6FEC002FB2DD /* NetworkingService.swift */; };
		F5733210250F7409002FB2DD /* NetworkingSession.swift in Sources */ = {isa = PBXBuildFile; fileRef = F573320F250F7409002FB2DD /* NetworkingSession.swift */; };
		F5733212250F74FA002FB2DD /* URLSessionMock.swift in Sources */ = {isa = PBXBuildFile; fileRef = F5733211250F74FA002FB2DD /* URLSessionMock.swift */; };
		F5733214250F754F002FB2DD /* DataTaskMock.swift in Sources */ = {isa = PBXBuildFile; fileRef = F5733213250F754F002FB2DD /* DataTaskMock.swift */; };
		F5733218250F8B0F002FB2DD /* CustomError.swift in Sources */ = {isa = PBXBuildFile; fileRef = F5733216250F8A96002FB2DD /* CustomError.swift */; };
		F573321A250F8C27002FB2DD /* genres in Resources */ = {isa = PBXBuildFile; fileRef = F5733219250F8C27002FB2DD /* genres */; };
		F5A3189124EFCDF700F7CE77 /* AppDelegate.swift in Sources */ = {isa = PBXBuildFile; fileRef = F5A3189024EFCDF700F7CE77 /* AppDelegate.swift */; };
		F5A3189324EFCDF700F7CE77 /* SceneDelegate.swift in Sources */ = {isa = PBXBuildFile; fileRef = F5A3189224EFCDF700F7CE77 /* SceneDelegate.swift */; };
		F5A3189A24EFCDFB00F7CE77 /* Assets.xcassets in Resources */ = {isa = PBXBuildFile; fileRef = F5A3189924EFCDFB00F7CE77 /* Assets.xcassets */; };
		F5A3189D24EFCDFB00F7CE77 /* LaunchScreen.storyboard in Resources */ = {isa = PBXBuildFile; fileRef = F5A3189B24EFCDFB00F7CE77 /* LaunchScreen.storyboard */; };
		F5C54FC6250A756800C2C3A8 /* Genre.swift in Sources */ = {isa = PBXBuildFile; fileRef = F5C54FC5250A756800C2C3A8 /* Genre.swift */; };
		F5C54FCA250A7A7F00C2C3A8 /* Helper.swift in Sources */ = {isa = PBXBuildFile; fileRef = F5C54FC9250A7A7F00C2C3A8 /* Helper.swift */; };
		F5C54FCC250A7B1200C2C3A8 /* DependencyContainerTests.swift in Sources */ = {isa = PBXBuildFile; fileRef = F5C54FCB250A7B1200C2C3A8 /* DependencyContainerTests.swift */; };
		F5DA5A10250B99C80077BA59 /* UserDefaultsServiceTests.swift in Sources */ = {isa = PBXBuildFile; fileRef = F5DA5A0F250B99C80077BA59 /* UserDefaultsServiceTests.swift */; };
		F5DA5A12250B9A560077BA59 /* UserDefaultsService.swift in Sources */ = {isa = PBXBuildFile; fileRef = F5DA5A11250B9A560077BA59 /* UserDefaultsService.swift */; };
		F5DA5A14250BA1530077BA59 /* CoderTests.swift in Sources */ = {isa = PBXBuildFile; fileRef = F5DA5A13250BA1530077BA59 /* CoderTests.swift */; };
		F5DA5A18250BA1E70077BA59 /* Coder.swift in Sources */ = {isa = PBXBuildFile; fileRef = F5DA5A17250BA1E70077BA59 /* Coder.swift */; };
/* End PBXBuildFile section */

/* Begin PBXContainerItemProxy section */
		F5C54FBC250A563C00C2C3A8 /* PBXContainerItemProxy */ = {
			isa = PBXContainerItemProxy;
			containerPortal = F5A3188524EFCDF700F7CE77 /* Project object */;
			proxyType = 1;
			remoteGlobalIDString = F5A3188C24EFCDF700F7CE77;
			remoteInfo = MovieNotes;
		};
/* End PBXContainerItemProxy section */

/* Begin PBXFileReference section */
		F542114E250FA57B00D6ACFE /* CustomErrorTests.swift */ = {isa = PBXFileReference; lastKnownFileType = sourcecode.swift; path = CustomErrorTests.swift; sourceTree = "<group>"; };
		F573320A250F6F6B002FB2DD /* NetworkingServiceTests.swift */ = {isa = PBXFileReference; lastKnownFileType = sourcecode.swift; path = NetworkingServiceTests.swift; sourceTree = "<group>"; };
		F573320C250F6FEC002FB2DD /* NetworkingService.swift */ = {isa = PBXFileReference; lastKnownFileType = sourcecode.swift; path = NetworkingService.swift; sourceTree = "<group>"; };
		F573320F250F7409002FB2DD /* NetworkingSession.swift */ = {isa = PBXFileReference; lastKnownFileType = sourcecode.swift; path = NetworkingSession.swift; sourceTree = "<group>"; };
		F5733211250F74FA002FB2DD /* URLSessionMock.swift */ = {isa = PBXFileReference; lastKnownFileType = sourcecode.swift; path = URLSessionMock.swift; sourceTree = "<group>"; };
		F5733213250F754F002FB2DD /* DataTaskMock.swift */ = {isa = PBXFileReference; lastKnownFileType = sourcecode.swift; path = DataTaskMock.swift; sourceTree = "<group>"; };
		F5733216250F8A96002FB2DD /* CustomError.swift */ = {isa = PBXFileReference; lastKnownFileType = sourcecode.swift; path = CustomError.swift; sourceTree = "<group>"; };
		F5733219250F8C27002FB2DD /* genres */ = {isa = PBXFileReference; lastKnownFileType = text; path = genres; sourceTree = "<group>"; xcLanguageSpecificationIdentifier = xcode.lang.json; };
		F5A3188D24EFCDF700F7CE77 /* MovieNotes.app */ = {isa = PBXFileReference; explicitFileType = wrapper.application; includeInIndex = 0; path = MovieNotes.app; sourceTree = BUILT_PRODUCTS_DIR; };
		F5A3189024EFCDF700F7CE77 /* AppDelegate.swift */ = {isa = PBXFileReference; lastKnownFileType = sourcecode.swift; path = AppDelegate.swift; sourceTree = "<group>"; };
		F5A3189224EFCDF700F7CE77 /* SceneDelegate.swift */ = {isa = PBXFileReference; lastKnownFileType = sourcecode.swift; path = SceneDelegate.swift; sourceTree = "<group>"; };
		F5A3189924EFCDFB00F7CE77 /* Assets.xcassets */ = {isa = PBXFileReference; lastKnownFileType = folder.assetcatalog; path = Assets.xcassets; sourceTree = "<group>"; };
		F5A3189C24EFCDFB00F7CE77 /* Base */ = {isa = PBXFileReference; lastKnownFileType = file.storyboard; name = Base; path = Base.lproj/LaunchScreen.storyboard; sourceTree = "<group>"; };
		F5A3189E24EFCDFB00F7CE77 /* Info.plist */ = {isa = PBXFileReference; lastKnownFileType = text.plist.xml; name = Info.plist; path = "MovieNotes/Suporting files/Info.plist"; sourceTree = SOURCE_ROOT; };
		F5C54FB7250A563C00C2C3A8 /* MovieNotesTests.xctest */ = {isa = PBXFileReference; explicitFileType = wrapper.cfbundle; includeInIndex = 0; path = MovieNotesTests.xctest; sourceTree = BUILT_PRODUCTS_DIR; };
		F5C54FBB250A563C00C2C3A8 /* Info.plist */ = {isa = PBXFileReference; lastKnownFileType = text.plist.xml; path = Info.plist; sourceTree = "<group>"; };
		F5C54FC5250A756800C2C3A8 /* Genre.swift */ = {isa = PBXFileReference; lastKnownFileType = sourcecode.swift; path = Genre.swift; sourceTree = "<group>"; };
		F5C54FC9250A7A7F00C2C3A8 /* Helper.swift */ = {isa = PBXFileReference; lastKnownFileType = sourcecode.swift; path = Helper.swift; sourceTree = "<group>"; };
		F5C54FCB250A7B1200C2C3A8 /* DependencyContainerTests.swift */ = {isa = PBXFileReference; lastKnownFileType = sourcecode.swift; path = DependencyContainerTests.swift; sourceTree = "<group>"; };
		F5DA5A0F250B99C80077BA59 /* UserDefaultsServiceTests.swift */ = {isa = PBXFileReference; lastKnownFileType = sourcecode.swift; path = UserDefaultsServiceTests.swift; sourceTree = "<group>"; };
		F5DA5A11250B9A560077BA59 /* UserDefaultsService.swift */ = {isa = PBXFileReference; lastKnownFileType = sourcecode.swift; path = UserDefaultsService.swift; sourceTree = "<group>"; };
		F5DA5A13250BA1530077BA59 /* CoderTests.swift */ = {isa = PBXFileReference; lastKnownFileType = sourcecode.swift; path = CoderTests.swift; sourceTree = "<group>"; };
		F5DA5A17250BA1E70077BA59 /* Coder.swift */ = {isa = PBXFileReference; lastKnownFileType = sourcecode.swift; path = Coder.swift; sourceTree = "<group>"; };
/* End PBXFileReference section */

/* Begin PBXFrameworksBuildPhase section */
		F5A3188A24EFCDF700F7CE77 /* Frameworks */ = {
			isa = PBXFrameworksBuildPhase;
			buildActionMask = 2147483647;
			files = (
			);
			runOnlyForDeploymentPostprocessing = 0;
		};
		F5C54FB4250A563C00C2C3A8 /* Frameworks */ = {
			isa = PBXFrameworksBuildPhase;
			buildActionMask = 2147483647;
			files = (
			);
			runOnlyForDeploymentPostprocessing = 0;
		};
/* End PBXFrameworksBuildPhase section */

/* Begin PBXGroup section */
		F573320E250F73F0002FB2DD /* Networking */ = {
			isa = PBXGroup;
			children = (
				F573320C250F6FEC002FB2DD /* NetworkingService.swift */,
				F573320F250F7409002FB2DD /* NetworkingSession.swift */,
			);
			path = Networking;
			sourceTree = "<group>";
		};
		F5733215250F755C002FB2DD /* Mock */ = {
			isa = PBXGroup;
			children = (
				F5733211250F74FA002FB2DD /* URLSessionMock.swift */,
				F5733213250F754F002FB2DD /* DataTaskMock.swift */,
			);
			path = Mock;
			sourceTree = "<group>";
		};
		F5A3188424EFCDF700F7CE77 = {
			isa = PBXGroup;
			children = (
				F5A3188F24EFCDF700F7CE77 /* MovieNotes */,
				F5C54FB8250A563C00C2C3A8 /* MovieNotesTests */,
				F5A3188E24EFCDF700F7CE77 /* Products */,
			);
			sourceTree = "<group>";
		};
		F5A3188E24EFCDF700F7CE77 /* Products */ = {
			isa = PBXGroup;
			children = (
				F5A3188D24EFCDF700F7CE77 /* MovieNotes.app */,
				F5C54FB7250A563C00C2C3A8 /* MovieNotesTests.xctest */,
			);
			name = Products;
			sourceTree = "<group>";
		};
		F5A3188F24EFCDF700F7CE77 /* MovieNotes */ = {
			isa = PBXGroup;
			children = (
				F5C54FC8250A7A7000C2C3A8 /* Common */,
				F5C54FC3250A622100C2C3A8 /* Controller */,
				F5C54FC2250A621700C2C3A8 /* View */,
				F5C54FC1250A620F00C2C3A8 /* Model */,
				F5C54FC4250A623500C2C3A8 /* Suporting files */,
				F5DA5A16250BA1D70077BA59 /* Service */,
			);
			path = MovieNotes;
			sourceTree = "<group>";
		};
		F5C54FB8250A563C00C2C3A8 /* MovieNotesTests */ = {
			isa = PBXGroup;
			children = (
				F5733219250F8C27002FB2DD /* genres */,
				F542114E250FA57B00D6ACFE /* CustomErrorTests.swift */,
				F5C54FBB250A563C00C2C3A8 /* Info.plist */,
				F5DA5A15250BA1610077BA59 /* Service */,
				F5733215250F755C002FB2DD /* Mock */,
			);
			path = MovieNotesTests;
			sourceTree = "<group>";
		};
		F5C54FC1250A620F00C2C3A8 /* Model */ = {
			isa = PBXGroup;
			children = (
				F5C54FC5250A756800C2C3A8 /* Genre.swift */,
			);
			path = Model;
			sourceTree = "<group>";
		};
		F5C54FC2250A621700C2C3A8 /* View */ = {
			isa = PBXGroup;
			children = (
			);
			path = View;
			sourceTree = "<group>";
		};
		F5C54FC3250A622100C2C3A8 /* Controller */ = {
			isa = PBXGroup;
			children = (
			);
			path = Controller;
			sourceTree = "<group>";
		};
		F5C54FC4250A623500C2C3A8 /* Suporting files */ = {
			isa = PBXGroup;
			children = (
				F5A3189024EFCDF700F7CE77 /* AppDelegate.swift */,
				F5A3189224EFCDF700F7CE77 /* SceneDelegate.swift */,
				F5A3189924EFCDFB00F7CE77 /* Assets.xcassets */,
				F5A3189B24EFCDFB00F7CE77 /* LaunchScreen.storyboard */,
				F5A3189E24EFCDFB00F7CE77 /* Info.plist */,
			);
			path = "Suporting files";
			sourceTree = "<group>";
		};
		F5C54FC8250A7A7000C2C3A8 /* Common */ = {
			isa = PBXGroup;
			children = (
				F5733216250F8A96002FB2DD /* CustomError.swift */,
				F5C54FC9250A7A7F00C2C3A8 /* Helper.swift */,
			);
			path = Common;
			sourceTree = "<group>";
		};
		F5DA5A15250BA1610077BA59 /* Service */ = {
			isa = PBXGroup;
			children = (
				F5C54FCB250A7B1200C2C3A8 /* DependencyContainerTests.swift */,
				F5DA5A0F250B99C80077BA59 /* UserDefaultsServiceTests.swift */,
				F5DA5A13250BA1530077BA59 /* CoderTests.swift */,
				F573320A250F6F6B002FB2DD /* NetworkingServiceTests.swift */,
			);
			path = Service;
			sourceTree = "<group>";
		};
		F5DA5A16250BA1D70077BA59 /* Service */ = {
			isa = PBXGroup;
			children = (
				F5DA5A11250B9A560077BA59 /* UserDefaultsService.swift */,
				F5DA5A17250BA1E70077BA59 /* Coder.swift */,
				F573320E250F73F0002FB2DD /* Networking */,
			);
			path = Service;
			sourceTree = "<group>";
		};
/* End PBXGroup section */

/* Begin PBXNativeTarget section */
		F5A3188C24EFCDF700F7CE77 /* MovieNotes */ = {
			isa = PBXNativeTarget;
			buildConfigurationList = F5A318A124EFCDFB00F7CE77 /* Build configuration list for PBXNativeTarget "MovieNotes" */;
			buildPhases = (
				F5A3188924EFCDF700F7CE77 /* Sources */,
				F5A3188A24EFCDF700F7CE77 /* Frameworks */,
				F5A3188B24EFCDF700F7CE77 /* Resources */,
			);
			buildRules = (
			);
			dependencies = (
			);
			name = MovieNotes;
			productName = MovieNotes;
			productReference = F5A3188D24EFCDF700F7CE77 /* MovieNotes.app */;
			productType = "com.apple.product-type.application";
		};
		F5C54FB6250A563C00C2C3A8 /* MovieNotesTests */ = {
			isa = PBXNativeTarget;
			buildConfigurationList = F5C54FC0250A563C00C2C3A8 /* Build configuration list for PBXNativeTarget "MovieNotesTests" */;
			buildPhases = (
				F5C54FB3250A563C00C2C3A8 /* Sources */,
				F5C54FB4250A563C00C2C3A8 /* Frameworks */,
				F5C54FB5250A563C00C2C3A8 /* Resources */,
			);
			buildRules = (
			);
			dependencies = (
				F5C54FBD250A563C00C2C3A8 /* PBXTargetDependency */,
			);
			name = MovieNotesTests;
			productName = MovieNotesTests;
			productReference = F5C54FB7250A563C00C2C3A8 /* MovieNotesTests.xctest */;
			productType = "com.apple.product-type.bundle.unit-test";
		};
/* End PBXNativeTarget section */

/* Begin PBXProject section */
		F5A3188524EFCDF700F7CE77 /* Project object */ = {
			isa = PBXProject;
			attributes = {
				LastSwiftUpdateCheck = 1160;
				LastUpgradeCheck = 1160;
				ORGANIZATIONNAME = "Богдан Семенюк";
				TargetAttributes = {
					F5A3188C24EFCDF700F7CE77 = {
						CreatedOnToolsVersion = 11.6;
					};
					F5C54FB6250A563C00C2C3A8 = {
						CreatedOnToolsVersion = 11.6;
						TestTargetID = F5A3188C24EFCDF700F7CE77;
					};
				};
			};
			buildConfigurationList = F5A3188824EFCDF700F7CE77 /* Build configuration list for PBXProject "MovieNotes" */;
			compatibilityVersion = "Xcode 9.3";
			developmentRegion = en;
			hasScannedForEncodings = 0;
			knownRegions = (
				en,
				Base,
			);
			mainGroup = F5A3188424EFCDF700F7CE77;
			productRefGroup = F5A3188E24EFCDF700F7CE77 /* Products */;
			projectDirPath = "";
			projectRoot = "";
			targets = (
				F5A3188C24EFCDF700F7CE77 /* MovieNotes */,
				F5C54FB6250A563C00C2C3A8 /* MovieNotesTests */,
			);
		};
/* End PBXProject section */

/* Begin PBXResourcesBuildPhase section */
		F5A3188B24EFCDF700F7CE77 /* Resources */ = {
			isa = PBXResourcesBuildPhase;
			buildActionMask = 2147483647;
			files = (
				F5A3189D24EFCDFB00F7CE77 /* LaunchScreen.storyboard in Resources */,
				F5A3189A24EFCDFB00F7CE77 /* Assets.xcassets in Resources */,
			);
			runOnlyForDeploymentPostprocessing = 0;
		};
		F5C54FB5250A563C00C2C3A8 /* Resources */ = {
			isa = PBXResourcesBuildPhase;
			buildActionMask = 2147483647;
			files = (
				F573321A250F8C27002FB2DD /* genres in Resources */,
			);
			runOnlyForDeploymentPostprocessing = 0;
		};
/* End PBXResourcesBuildPhase section */

/* Begin PBXSourcesBuildPhase section */
		F5A3188924EFCDF700F7CE77 /* Sources */ = {
			isa = PBXSourcesBuildPhase;
			buildActionMask = 2147483647;
			files = (
				F5C54FC6250A756800C2C3A8 /* Genre.swift in Sources */,
				F5DA5A18250BA1E70077BA59 /* Coder.swift in Sources */,
				F5A3189124EFCDF700F7CE77 /* AppDelegate.swift in Sources */,
				F5DA5A12250B9A560077BA59 /* UserDefaultsService.swift in Sources */,
				F5A3189324EFCDF700F7CE77 /* SceneDelegate.swift in Sources */,
				F5733218250F8B0F002FB2DD /* CustomError.swift in Sources */,
				F573320D250F6FEC002FB2DD /* NetworkingService.swift in Sources */,
				F5733210250F7409002FB2DD /* NetworkingSession.swift in Sources */,
				F5C54FCA250A7A7F00C2C3A8 /* Helper.swift in Sources */,
			);
			runOnlyForDeploymentPostprocessing = 0;
		};
		F5C54FB3250A563C00C2C3A8 /* Sources */ = {
			isa = PBXSourcesBuildPhase;
			buildActionMask = 2147483647;
			files = (
				F542114F250FA57B00D6ACFE /* CustomErrorTests.swift in Sources */,
				F5733212250F74FA002FB2DD /* URLSessionMock.swift in Sources */,
				F5C54FCC250A7B1200C2C3A8 /* DependencyContainerTests.swift in Sources */,
				F5DA5A10250B99C80077BA59 /* UserDefaultsServiceTests.swift in Sources */,
				F573320B250F6F6B002FB2DD /* NetworkingServiceTests.swift in Sources */,
				F5733214250F754F002FB2DD /* DataTaskMock.swift in Sources */,
				F5DA5A14250BA1530077BA59 /* CoderTests.swift in Sources */,
			);
			runOnlyForDeploymentPostprocessing = 0;
		};
/* End PBXSourcesBuildPhase section */

/* Begin PBXTargetDependency section */
		F5C54FBD250A563C00C2C3A8 /* PBXTargetDependency */ = {
			isa = PBXTargetDependency;
			target = F5A3188C24EFCDF700F7CE77 /* MovieNotes */;
			targetProxy = F5C54FBC250A563C00C2C3A8 /* PBXContainerItemProxy */;
		};
/* End PBXTargetDependency section */

/* Begin PBXVariantGroup section */
		F5A3189B24EFCDFB00F7CE77 /* LaunchScreen.storyboard */ = {
			isa = PBXVariantGroup;
			children = (
				F5A3189C24EFCDFB00F7CE77 /* Base */,
			);
			name = LaunchScreen.storyboard;
			sourceTree = "<group>";
		};
/* End PBXVariantGroup section */

/* Begin XCBuildConfiguration section */
		F5A3189F24EFCDFB00F7CE77 /* Debug */ = {
			isa = XCBuildConfiguration;
			buildSettings = {
				ALWAYS_SEARCH_USER_PATHS = NO;
				CLANG_ANALYZER_NONNULL = YES;
				CLANG_ANALYZER_NUMBER_OBJECT_CONVERSION = YES_AGGRESSIVE;
				CLANG_CXX_LANGUAGE_STANDARD = "gnu++14";
				CLANG_CXX_LIBRARY = "libc++";
				CLANG_ENABLE_MODULES = YES;
				CLANG_ENABLE_OBJC_ARC = YES;
				CLANG_ENABLE_OBJC_WEAK = YES;
				CLANG_WARN_BLOCK_CAPTURE_AUTORELEASING = YES;
				CLANG_WARN_BOOL_CONVERSION = YES;
				CLANG_WARN_COMMA = YES;
				CLANG_WARN_CONSTANT_CONVERSION = YES;
				CLANG_WARN_DEPRECATED_OBJC_IMPLEMENTATIONS = YES;
				CLANG_WARN_DIRECT_OBJC_ISA_USAGE = YES_ERROR;
				CLANG_WARN_DOCUMENTATION_COMMENTS = YES;
				CLANG_WARN_EMPTY_BODY = YES;
				CLANG_WARN_ENUM_CONVERSION = YES;
				CLANG_WARN_INFINITE_RECURSION = YES;
				CLANG_WARN_INT_CONVERSION = YES;
				CLANG_WARN_NON_LITERAL_NULL_CONVERSION = YES;
				CLANG_WARN_OBJC_IMPLICIT_RETAIN_SELF = YES;
				CLANG_WARN_OBJC_LITERAL_CONVERSION = YES;
				CLANG_WARN_OBJC_ROOT_CLASS = YES_ERROR;
				CLANG_WARN_RANGE_LOOP_ANALYSIS = YES;
				CLANG_WARN_STRICT_PROTOTYPES = YES;
				CLANG_WARN_SUSPICIOUS_MOVE = YES;
				CLANG_WARN_UNGUARDED_AVAILABILITY = YES_AGGRESSIVE;
				CLANG_WARN_UNREACHABLE_CODE = YES;
				CLANG_WARN__DUPLICATE_METHOD_MATCH = YES;
				COPY_PHASE_STRIP = NO;
				DEBUG_INFORMATION_FORMAT = dwarf;
				ENABLE_STRICT_OBJC_MSGSEND = YES;
				ENABLE_TESTABILITY = YES;
				GCC_C_LANGUAGE_STANDARD = gnu11;
				GCC_DYNAMIC_NO_PIC = NO;
				GCC_NO_COMMON_BLOCKS = YES;
				GCC_OPTIMIZATION_LEVEL = 0;
				GCC_PREPROCESSOR_DEFINITIONS = (
					"DEBUG=1",
					"$(inherited)",
				);
				GCC_WARN_64_TO_32_BIT_CONVERSION = YES;
				GCC_WARN_ABOUT_RETURN_TYPE = YES_ERROR;
				GCC_WARN_UNDECLARED_SELECTOR = YES;
				GCC_WARN_UNINITIALIZED_AUTOS = YES_AGGRESSIVE;
				GCC_WARN_UNUSED_FUNCTION = YES;
				GCC_WARN_UNUSED_VARIABLE = YES;
				IPHONEOS_DEPLOYMENT_TARGET = 13.6;
				MTL_ENABLE_DEBUG_INFO = INCLUDE_SOURCE;
				MTL_FAST_MATH = YES;
				ONLY_ACTIVE_ARCH = YES;
				SDKROOT = iphoneos;
				SWIFT_ACTIVE_COMPILATION_CONDITIONS = DEBUG;
				SWIFT_OPTIMIZATION_LEVEL = "-Onone";
			};
			name = Debug;
		};
		F5A318A024EFCDFB00F7CE77 /* Release */ = {
			isa = XCBuildConfiguration;
			buildSettings = {
				ALWAYS_SEARCH_USER_PATHS = NO;
				CLANG_ANALYZER_NONNULL = YES;
				CLANG_ANALYZER_NUMBER_OBJECT_CONVERSION = YES_AGGRESSIVE;
				CLANG_CXX_LANGUAGE_STANDARD = "gnu++14";
				CLANG_CXX_LIBRARY = "libc++";
				CLANG_ENABLE_MODULES = YES;
				CLANG_ENABLE_OBJC_ARC = YES;
				CLANG_ENABLE_OBJC_WEAK = YES;
				CLANG_WARN_BLOCK_CAPTURE_AUTORELEASING = YES;
				CLANG_WARN_BOOL_CONVERSION = YES;
				CLANG_WARN_COMMA = YES;
				CLANG_WARN_CONSTANT_CONVERSION = YES;
				CLANG_WARN_DEPRECATED_OBJC_IMPLEMENTATIONS = YES;
				CLANG_WARN_DIRECT_OBJC_ISA_USAGE = YES_ERROR;
				CLANG_WARN_DOCUMENTATION_COMMENTS = YES;
				CLANG_WARN_EMPTY_BODY = YES;
				CLANG_WARN_ENUM_CONVERSION = YES;
				CLANG_WARN_INFINITE_RECURSION = YES;
				CLANG_WARN_INT_CONVERSION = YES;
				CLANG_WARN_NON_LITERAL_NULL_CONVERSION = YES;
				CLANG_WARN_OBJC_IMPLICIT_RETAIN_SELF = YES;
				CLANG_WARN_OBJC_LITERAL_CONVERSION = YES;
				CLANG_WARN_OBJC_ROOT_CLASS = YES_ERROR;
				CLANG_WARN_RANGE_LOOP_ANALYSIS = YES;
				CLANG_WARN_STRICT_PROTOTYPES = YES;
				CLANG_WARN_SUSPICIOUS_MOVE = YES;
				CLANG_WARN_UNGUARDED_AVAILABILITY = YES_AGGRESSIVE;
				CLANG_WARN_UNREACHABLE_CODE = YES;
				CLANG_WARN__DUPLICATE_METHOD_MATCH = YES;
				COPY_PHASE_STRIP = NO;
				DEBUG_INFORMATION_FORMAT = "dwarf-with-dsym";
				ENABLE_NS_ASSERTIONS = NO;
				ENABLE_STRICT_OBJC_MSGSEND = YES;
				GCC_C_LANGUAGE_STANDARD = gnu11;
				GCC_NO_COMMON_BLOCKS = YES;
				GCC_WARN_64_TO_32_BIT_CONVERSION = YES;
				GCC_WARN_ABOUT_RETURN_TYPE = YES_ERROR;
				GCC_WARN_UNDECLARED_SELECTOR = YES;
				GCC_WARN_UNINITIALIZED_AUTOS = YES_AGGRESSIVE;
				GCC_WARN_UNUSED_FUNCTION = YES;
				GCC_WARN_UNUSED_VARIABLE = YES;
				IPHONEOS_DEPLOYMENT_TARGET = 13.6;
				MTL_ENABLE_DEBUG_INFO = NO;
				MTL_FAST_MATH = YES;
				SDKROOT = iphoneos;
				SWIFT_COMPILATION_MODE = wholemodule;
				SWIFT_OPTIMIZATION_LEVEL = "-O";
				VALIDATE_PRODUCT = YES;
			};
			name = Release;
		};
		F5A318A224EFCDFB00F7CE77 /* Debug */ = {
			isa = XCBuildConfiguration;
			buildSettings = {
				ASSETCATALOG_COMPILER_APPICON_NAME = AppIcon;
				CODE_SIGN_STYLE = Automatic;
				CURRENT_PROJECT_VERSION = 1;
				DEVELOPMENT_TEAM = 4V89KEZWRU;
				INFOPLIST_FILE = "MovieNotes/Suporting files/Info.plist";
				LD_RUNPATH_SEARCH_PATHS = (
					"$(inherited)",
					"@executable_path/Frameworks",
				);
				MARKETING_VERSION = 1.0;
				PRODUCT_BUNDLE_IDENTIFIER = com.sbvprojects.MovieNotes;
				PRODUCT_NAME = "$(TARGET_NAME)";
				SWIFT_VERSION = 5.0;
				TARGETED_DEVICE_FAMILY = 1;
			};
			name = Debug;
		};
		F5A318A324EFCDFB00F7CE77 /* Release */ = {
			isa = XCBuildConfiguration;
			buildSettings = {
				ASSETCATALOG_COMPILER_APPICON_NAME = AppIcon;
				CODE_SIGN_STYLE = Automatic;
				CURRENT_PROJECT_VERSION = 1;
				DEVELOPMENT_TEAM = 4V89KEZWRU;
				INFOPLIST_FILE = "MovieNotes/Suporting files/Info.plist";
				LD_RUNPATH_SEARCH_PATHS = (
					"$(inherited)",
					"@executable_path/Frameworks",
				);
				MARKETING_VERSION = 1.0;
				PRODUCT_BUNDLE_IDENTIFIER = com.sbvprojects.MovieNotes;
				PRODUCT_NAME = "$(TARGET_NAME)";
				SWIFT_VERSION = 5.0;
				TARGETED_DEVICE_FAMILY = 1;
			};
			name = Release;
		};
		F5C54FBE250A563C00C2C3A8 /* Debug */ = {
			isa = XCBuildConfiguration;
			buildSettings = {
				BUNDLE_LOADER = "$(TEST_HOST)";
				CODE_SIGN_STYLE = Automatic;
				DEVELOPMENT_TEAM = 4V89KEZWRU;
				INFOPLIST_FILE = MovieNotesTests/Info.plist;
				LD_RUNPATH_SEARCH_PATHS = (
					"$(inherited)",
					"@executable_path/Frameworks",
					"@loader_path/Frameworks",
				);
				PRODUCT_BUNDLE_IDENTIFIER = com.sbvprojects.MovieNotesTests;
				PRODUCT_NAME = "$(TARGET_NAME)";
				SWIFT_VERSION = 5.0;
				TARGETED_DEVICE_FAMILY = "1,2";
				TEST_HOST = "$(BUILT_PRODUCTS_DIR)/MovieNotes.app/MovieNotes";
			};
			name = Debug;
		};
		F5C54FBF250A563C00C2C3A8 /* Release */ = {
			isa = XCBuildConfiguration;
			buildSettings = {
				BUNDLE_LOADER = "$(TEST_HOST)";
				CODE_SIGN_STYLE = Automatic;
				DEVELOPMENT_TEAM = 4V89KEZWRU;
				INFOPLIST_FILE = MovieNotesTests/Info.plist;
				LD_RUNPATH_SEARCH_PATHS = (
					"$(inherited)",
					"@executable_path/Frameworks",
					"@loader_path/Frameworks",
				);
				PRODUCT_BUNDLE_IDENTIFIER = com.sbvprojects.MovieNotesTests;
				PRODUCT_NAME = "$(TARGET_NAME)";
				SWIFT_VERSION = 5.0;
				TARGETED_DEVICE_FAMILY = "1,2";
				TEST_HOST = "$(BUILT_PRODUCTS_DIR)/MovieNotes.app/MovieNotes";
			};
			name = Release;
		};
/* End XCBuildConfiguration section */

/* Begin XCConfigurationList section */
		F5A3188824EFCDF700F7CE77 /* Build configuration list for PBXProject "MovieNotes" */ = {
			isa = XCConfigurationList;
			buildConfigurations = (
				F5A3189F24EFCDFB00F7CE77 /* Debug */,
				F5A318A024EFCDFB00F7CE77 /* Release */,
			);
			defaultConfigurationIsVisible = 0;
			defaultConfigurationName = Release;
		};
		F5A318A124EFCDFB00F7CE77 /* Build configuration list for PBXNativeTarget "MovieNotes" */ = {
			isa = XCConfigurationList;
			buildConfigurations = (
				F5A318A224EFCDFB00F7CE77 /* Debug */,
				F5A318A324EFCDFB00F7CE77 /* Release */,
			);
			defaultConfigurationIsVisible = 0;
			defaultConfigurationName = Release;
		};
		F5C54FC0250A563C00C2C3A8 /* Build configuration list for PBXNativeTarget "MovieNotesTests" */ = {
			isa = XCConfigurationList;
			buildConfigurations = (
				F5C54FBE250A563C00C2C3A8 /* Debug */,
				F5C54FBF250A563C00C2C3A8 /* Release */,
			);
			defaultConfigurationIsVisible = 0;
			defaultConfigurationName = Release;
		};
/* End XCConfigurationList section */
	};
	rootObject = F5A3188524EFCDF700F7CE77 /* Project object */;
}
