// !$*UTF8*$!
{
	archiveVersion = 1;
	classes = {
	};
	objectVersion = 51;
	objects = {

/* Begin PBXBuildFile section */
		A4BC7FB97CF483A793D267CD /* Pods_MovieNotes.framework in Frameworks */ = {isa = PBXBuildFile; fileRef = 0EED608730FB630FB3D5B6A8 /* Pods_MovieNotes.framework */; };
		D4FE5C9663AB27325F9C91F3 /* Pods_MovieNotesTests.framework in Frameworks */ = {isa = PBXBuildFile; fileRef = 8E0B39842731B74FD584C424 /* Pods_MovieNotesTests.framework */; };
		F505613025BED54300A92CCE /* Router.swift in Sources */ = {isa = PBXBuildFile; fileRef = F505612F25BED54300A92CCE /* Router.swift */; };
		F505613425BED55700A92CCE /* Coordinator.swift in Sources */ = {isa = PBXBuildFile; fileRef = F505613325BED55700A92CCE /* Coordinator.swift */; };
		F505614925BED7EA00A92CCE /* RouterTests.swift in Sources */ = {isa = PBXBuildFile; fileRef = F505614825BED7EA00A92CCE /* RouterTests.swift */; };
		F505615325BEF25D00A92CCE /* CoordinatorTests.swift in Sources */ = {isa = PBXBuildFile; fileRef = F505615225BEF25D00A92CCE /* CoordinatorTests.swift */; };
		F505615E25BEF6B200A92CCE /* RouterMock.swift in Sources */ = {isa = PBXBuildFile; fileRef = F505615D25BEF6B200A92CCE /* RouterMock.swift */; };
		F505616425BEF74300A92CCE /* CoordinatorMock.swift in Sources */ = {isa = PBXBuildFile; fileRef = F505616325BEF74300A92CCE /* CoordinatorMock.swift */; };
		F505616A25BF127D00A92CCE /* MoviesListViewController.swift in Sources */ = {isa = PBXBuildFile; fileRef = F505616925BF127D00A92CCE /* MoviesListViewController.swift */; };
		F505616E25BF12B300A92CCE /* MoviesList.storyboard in Resources */ = {isa = PBXBuildFile; fileRef = F505616D25BF12B300A92CCE /* MoviesList.storyboard */; };
		F505617225BF15D800A92CCE /* Storyboarded.swift in Sources */ = {isa = PBXBuildFile; fileRef = F505617125BF15D800A92CCE /* Storyboarded.swift */; };
		F50BDC5B261B065F00F64AC0 /* LoadingViewController.swift in Sources */ = {isa = PBXBuildFile; fileRef = F50BDC5A261B065F00F64AC0 /* LoadingViewController.swift */; };
		F50BDC5F261B077900F64AC0 /* UIViewController+extension.swift in Sources */ = {isa = PBXBuildFile; fileRef = F50BDC5E261B077900F64AC0 /* UIViewController+extension.swift */; };
		F50BDC63261B0DBC00F64AC0 /* UIAlertController+extension.swift in Sources */ = {isa = PBXBuildFile; fileRef = F50BDC62261B0DBC00F64AC0 /* UIAlertController+extension.swift */; };
		F50BDC6F261B459D00F64AC0 /* MovieCell.swift in Sources */ = {isa = PBXBuildFile; fileRef = F50BDC6E261B459D00F64AC0 /* MovieCell.swift */; };
		F50BDC77261B461500F64AC0 /* MovieCellViewModel.swift in Sources */ = {isa = PBXBuildFile; fileRef = F50BDC76261B461500F64AC0 /* MovieCellViewModel.swift */; };
		F52124602555A0D60030DFD9 /* Country.swift in Sources */ = {isa = PBXBuildFile; fileRef = F521245F2555A0D60030DFD9 /* Country.swift */; };
		F52124642555A19C0030DFD9 /* Worker.swift in Sources */ = {isa = PBXBuildFile; fileRef = F52124632555A19C0030DFD9 /* Worker.swift */; };
		F52124682555A1AD0030DFD9 /* Actor.swift in Sources */ = {isa = PBXBuildFile; fileRef = F52124672555A1AD0030DFD9 /* Actor.swift */; };
		F521246C2555A1BE0030DFD9 /* Credits.swift in Sources */ = {isa = PBXBuildFile; fileRef = F521246B2555A1BE0030DFD9 /* Credits.swift */; };
		F52124702555A2210030DFD9 /* Movie.swift in Sources */ = {isa = PBXBuildFile; fileRef = F521246F2555A2210030DFD9 /* Movie.swift */; };
		F52124742555A96E0030DFD9 /* DataManagerTests.swift in Sources */ = {isa = PBXBuildFile; fileRef = F52124732555A96E0030DFD9 /* DataManagerTests.swift */; };
		F521247A2555AA830030DFD9 /* DataManager.swift in Sources */ = {isa = PBXBuildFile; fileRef = F52124792555AA830030DFD9 /* DataManager.swift */; };
		F5243648258CED920047A13D /* MoviesFilter.swift in Sources */ = {isa = PBXBuildFile; fileRef = F5243647258CED920047A13D /* MoviesFilter.swift */; };
		F524364C258CF8FB0047A13D /* MoviesFilterTests.swift in Sources */ = {isa = PBXBuildFile; fileRef = F524364B258CF8FB0047A13D /* MoviesFilterTests.swift */; };
		F532319E25BF1CDE00340E3D /* MoviesCoordinator.swift in Sources */ = {isa = PBXBuildFile; fileRef = F532319D25BF1CDE00340E3D /* MoviesCoordinator.swift */; };
		F53231A225BF1DB900340E3D /* MoviesRouter.swift in Sources */ = {isa = PBXBuildFile; fileRef = F53231A125BF1DB900340E3D /* MoviesRouter.swift */; };
		F53231A625BF261A00340E3D /* ActivitiesViewController.swift in Sources */ = {isa = PBXBuildFile; fileRef = F53231A525BF261A00340E3D /* ActivitiesViewController.swift */; };
		F53231AA25BF265200340E3D /* Activities.storyboard in Resources */ = {isa = PBXBuildFile; fileRef = F53231A925BF265200340E3D /* Activities.storyboard */; };
		F53231AE25BF26BF00340E3D /* ActivitiesRouter.swift in Sources */ = {isa = PBXBuildFile; fileRef = F53231AD25BF26BF00340E3D /* ActivitiesRouter.swift */; };
		F53231B225BF26D700340E3D /* ActivitiesCoordinator.swift in Sources */ = {isa = PBXBuildFile; fileRef = F53231B125BF26D700340E3D /* ActivitiesCoordinator.swift */; };
		F53231B625BF27ED00340E3D /* MainCoordinator.swift in Sources */ = {isa = PBXBuildFile; fileRef = F53231B525BF27ED00340E3D /* MainCoordinator.swift */; };
		F53231BA25BF27FD00340E3D /* MainRouter.swift in Sources */ = {isa = PBXBuildFile; fileRef = F53231B925BF27FD00340E3D /* MainRouter.swift */; };
		F542114F250FA57B00D6ACFE /* CustomErrorTests.swift in Sources */ = {isa = PBXBuildFile; fileRef = F542114E250FA57B00D6ACFE /* CustomErrorTests.swift */; };
		F550FDC525C4383300EED3F3 /* MainRouterTests.swift in Sources */ = {isa = PBXBuildFile; fileRef = F550FDC425C4383300EED3F3 /* MainRouterTests.swift */; };
		F550FDC925C4712C00EED3F3 /* MainCoordinatorTests.swift in Sources */ = {isa = PBXBuildFile; fileRef = F550FDC825C4712C00EED3F3 /* MainCoordinatorTests.swift */; };
		F55A97FE259C763A00402020 /* URL+extension.swift in Sources */ = {isa = PBXBuildFile; fileRef = F55A97FD259C763A00402020 /* URL+extension.swift */; };
		F55A9802259C818100402020 /* movieDetails in Resources */ = {isa = PBXBuildFile; fileRef = F55A9801259C818100402020 /* movieDetails */; };
		F55A980A259C858100402020 /* Images.swift in Sources */ = {isa = PBXBuildFile; fileRef = F55A9809259C858100402020 /* Images.swift */; };
		F55A9810259C88C400402020 /* Data+extension.swift in Sources */ = {isa = PBXBuildFile; fileRef = F55A980F259C88C400402020 /* Data+extension.swift */; };
		F55A9814259C8A7900402020 /* images in Resources */ = {isa = PBXBuildFile; fileRef = F55A9813259C8A7900402020 /* images */; };
		F55A981A259C8F5500402020 /* Videos.swift in Sources */ = {isa = PBXBuildFile; fileRef = F55A9819259C8F5500402020 /* Videos.swift */; };
		F55A981E259C90A600402020 /* trailers in Resources */ = {isa = PBXBuildFile; fileRef = F55A981D259C90A600402020 /* trailers */; };
		F55A9826259CA80400402020 /* MovieDetails.swift in Sources */ = {isa = PBXBuildFile; fileRef = F55A9825259CA80400402020 /* MovieDetails.swift */; };
		F55A982A259CA94200402020 /* MovieDetailsTests.swift in Sources */ = {isa = PBXBuildFile; fileRef = F55A9829259CA94200402020 /* MovieDetailsTests.swift */; };
		F55D8B4C2588AEF400BD6199 /* Endpoint.swift in Sources */ = {isa = PBXBuildFile; fileRef = F55D8B4B2588AEF400BD6199 /* Endpoint.swift */; };
		F55D8B6E2588E5A000BD6199 /* ResponseConfigurator.swift in Sources */ = {isa = PBXBuildFile; fileRef = F55D8B6D2588E5A000BD6199 /* ResponseConfigurator.swift */; };
		F55D8B722588E7B300BD6199 /* URLResponseMock.swift in Sources */ = {isa = PBXBuildFile; fileRef = F55D8B712588E7B300BD6199 /* URLResponseMock.swift */; };
		F55D8B762588EA7D00BD6199 /* MockError.swift in Sources */ = {isa = PBXBuildFile; fileRef = F55D8B752588EA7D00BD6199 /* MockError.swift */; };
		F55D8B7A2588EB7900BD6199 /* ResponseTypeMock.swift in Sources */ = {isa = PBXBuildFile; fileRef = F55D8B792588EB7900BD6199 /* ResponseTypeMock.swift */; };
		F55D8B822588F8E800BD6199 /* PackageOfMovies.swift in Sources */ = {isa = PBXBuildFile; fileRef = F55D8B812588F8E800BD6199 /* PackageOfMovies.swift */; };
		F55D8B8E2589092100BD6199 /* movies in Resources */ = {isa = PBXBuildFile; fileRef = F55D8B8D2589092100BD6199 /* movies */; };
		F5697FE3261F26BE0077C344 /* ReuseIdentifiable.swift in Sources */ = {isa = PBXBuildFile; fileRef = F5697FE2261F26BE0077C344 /* ReuseIdentifiable.swift */; };
		F5697FF5261F46100077C344 /* ImageHelper.swift in Sources */ = {isa = PBXBuildFile; fileRef = F5697FF4261F46100077C344 /* ImageHelper.swift */; };
		F5698006261F4CE70077C344 /* AlertControllerTests.swift in Sources */ = {isa = PBXBuildFile; fileRef = F5698005261F4CE70077C344 /* AlertControllerTests.swift */; };
		F569800A261F4EA50077C344 /* MovieCellViewModelTests.swift in Sources */ = {isa = PBXBuildFile; fileRef = F5698009261F4EA50077C344 /* MovieCellViewModelTests.swift */; };
		F5698013261F4F9E0077C344 /* Movie+extension.swift in Sources */ = {isa = PBXBuildFile; fileRef = F5698012261F4F9E0077C344 /* Movie+extension.swift */; };
		F573320B250F6F6B002FB2DD /* NetworkingServiceTests.swift in Sources */ = {isa = PBXBuildFile; fileRef = F573320A250F6F6B002FB2DD /* NetworkingServiceTests.swift */; };
		F573320D250F6FEC002FB2DD /* NetworkingService.swift in Sources */ = {isa = PBXBuildFile; fileRef = F573320C250F6FEC002FB2DD /* NetworkingService.swift */; };
		F5733210250F7409002FB2DD /* NetworkingSession.swift in Sources */ = {isa = PBXBuildFile; fileRef = F573320F250F7409002FB2DD /* NetworkingSession.swift */; };
		F5733212250F74FA002FB2DD /* URLSessionMock.swift in Sources */ = {isa = PBXBuildFile; fileRef = F5733211250F74FA002FB2DD /* URLSessionMock.swift */; };
		F5733218250F8B0F002FB2DD /* CustomError.swift in Sources */ = {isa = PBXBuildFile; fileRef = F5733216250F8A96002FB2DD /* CustomError.swift */; };
		F573321A250F8C27002FB2DD /* genres in Resources */ = {isa = PBXBuildFile; fileRef = F5733219250F8C27002FB2DD /* genres */; };
		F584F72126208C41006F3886 /* PublishableSubject.swift in Sources */ = {isa = PBXBuildFile; fileRef = F584F72026208C41006F3886 /* PublishableSubject.swift */; };
		F584F72526208C7B006F3886 /* State.swift in Sources */ = {isa = PBXBuildFile; fileRef = F584F72426208C7B006F3886 /* State.swift */; };
		F5A3189124EFCDF700F7CE77 /* AppDelegate.swift in Sources */ = {isa = PBXBuildFile; fileRef = F5A3189024EFCDF700F7CE77 /* AppDelegate.swift */; };
		F5A3189324EFCDF700F7CE77 /* SceneDelegate.swift in Sources */ = {isa = PBXBuildFile; fileRef = F5A3189224EFCDF700F7CE77 /* SceneDelegate.swift */; };
		F5A3189A24EFCDFB00F7CE77 /* Assets.xcassets in Resources */ = {isa = PBXBuildFile; fileRef = F5A3189924EFCDFB00F7CE77 /* Assets.xcassets */; };
		F5A3189D24EFCDFB00F7CE77 /* LaunchScreen.storyboard in Resources */ = {isa = PBXBuildFile; fileRef = F5A3189B24EFCDFB00F7CE77 /* LaunchScreen.storyboard */; };
		F5B21C16256D633E00BE4219 /* GenreList.swift in Sources */ = {isa = PBXBuildFile; fileRef = F5B21C15256D633E00BE4219 /* GenreList.swift */; };
		F5B2B3F62615C063009A5C3E /* MovieListViewModel.swift in Sources */ = {isa = PBXBuildFile; fileRef = F5B2B3F52615C063009A5C3E /* MovieListViewModel.swift */; };
		F5B2B3FA2615C2EA009A5C3E /* MoviesCoordinatorTests.swift in Sources */ = {isa = PBXBuildFile; fileRef = F5B2B3F92615C2EA009A5C3E /* MoviesCoordinatorTests.swift */; };
		F5B2B3FE2615C6EF009A5C3E /* MoviesRouterTests.swift in Sources */ = {isa = PBXBuildFile; fileRef = F5B2B3FD2615C6EF009A5C3E /* MoviesRouterTests.swift */; };
		F5C54FC6250A756800C2C3A8 /* Genre.swift in Sources */ = {isa = PBXBuildFile; fileRef = F5C54FC5250A756800C2C3A8 /* Genre.swift */; };
		F5C54FCA250A7A7F00C2C3A8 /* Helper.swift in Sources */ = {isa = PBXBuildFile; fileRef = F5C54FC9250A7A7F00C2C3A8 /* Helper.swift */; };
		F5DA5A10250B99C80077BA59 /* UserDefaultsServiceTests.swift in Sources */ = {isa = PBXBuildFile; fileRef = F5DA5A0F250B99C80077BA59 /* UserDefaultsServiceTests.swift */; };
		F5DA5A12250B9A560077BA59 /* UserDefaultsService.swift in Sources */ = {isa = PBXBuildFile; fileRef = F5DA5A11250B9A560077BA59 /* UserDefaultsService.swift */; };
		F5DA5A14250BA1530077BA59 /* CoderTests.swift in Sources */ = {isa = PBXBuildFile; fileRef = F5DA5A13250BA1530077BA59 /* CoderTests.swift */; };
		F5DA5A18250BA1E70077BA59 /* Coder.swift in Sources */ = {isa = PBXBuildFile; fileRef = F5DA5A17250BA1E70077BA59 /* Coder.swift */; };
/* End PBXBuildFile section */

/* Begin PBXContainerItemProxy section */
		F5C54FBC250A563C00C2C3A8 /* PBXContainerItemProxy */ = {
			isa = PBXContainerItemProxy;
			containerPortal = F5A3188524EFCDF700F7CE77 /* Project object */;
			proxyType = 1;
			remoteGlobalIDString = F5A3188C24EFCDF700F7CE77;
			remoteInfo = MovieNotes;
		};
/* End PBXContainerItemProxy section */

/* Begin PBXFileReference section */
		0EED608730FB630FB3D5B6A8 /* Pods_MovieNotes.framework */ = {isa = PBXFileReference; explicitFileType = wrapper.framework; includeInIndex = 0; path = Pods_MovieNotes.framework; sourceTree = BUILT_PRODUCTS_DIR; };
		10F5F39C3A637A3DE0745CCD /* Pods-MovieNotesTests.debug.xcconfig */ = {isa = PBXFileReference; includeInIndex = 1; lastKnownFileType = text.xcconfig; name = "Pods-MovieNotesTests.debug.xcconfig"; path = "Target Support Files/Pods-MovieNotesTests/Pods-MovieNotesTests.debug.xcconfig"; sourceTree = "<group>"; };
		62EBC19501B0C00111422ECD /* Pods-MovieNotesTests.release.xcconfig */ = {isa = PBXFileReference; includeInIndex = 1; lastKnownFileType = text.xcconfig; name = "Pods-MovieNotesTests.release.xcconfig"; path = "Target Support Files/Pods-MovieNotesTests/Pods-MovieNotesTests.release.xcconfig"; sourceTree = "<group>"; };
		897F19677FCD322C22B147B0 /* Pods-MovieNotes.release.xcconfig */ = {isa = PBXFileReference; includeInIndex = 1; lastKnownFileType = text.xcconfig; name = "Pods-MovieNotes.release.xcconfig"; path = "Target Support Files/Pods-MovieNotes/Pods-MovieNotes.release.xcconfig"; sourceTree = "<group>"; };
		8E0B39842731B74FD584C424 /* Pods_MovieNotesTests.framework */ = {isa = PBXFileReference; explicitFileType = wrapper.framework; includeInIndex = 0; path = Pods_MovieNotesTests.framework; sourceTree = BUILT_PRODUCTS_DIR; };
		B91E8455D9874E5C7A9E70AA /* Pods-MovieNotes.debug.xcconfig */ = {isa = PBXFileReference; includeInIndex = 1; lastKnownFileType = text.xcconfig; name = "Pods-MovieNotes.debug.xcconfig"; path = "Target Support Files/Pods-MovieNotes/Pods-MovieNotes.debug.xcconfig"; sourceTree = "<group>"; };
		F505612F25BED54300A92CCE /* Router.swift */ = {isa = PBXFileReference; lastKnownFileType = sourcecode.swift; path = Router.swift; sourceTree = "<group>"; };
		F505613325BED55700A92CCE /* Coordinator.swift */ = {isa = PBXFileReference; lastKnownFileType = sourcecode.swift; path = Coordinator.swift; sourceTree = "<group>"; };
		F505614825BED7EA00A92CCE /* RouterTests.swift */ = {isa = PBXFileReference; lastKnownFileType = sourcecode.swift; path = RouterTests.swift; sourceTree = "<group>"; };
		F505615225BEF25D00A92CCE /* CoordinatorTests.swift */ = {isa = PBXFileReference; lastKnownFileType = sourcecode.swift; path = CoordinatorTests.swift; sourceTree = "<group>"; };
		F505615D25BEF6B200A92CCE /* RouterMock.swift */ = {isa = PBXFileReference; lastKnownFileType = sourcecode.swift; path = RouterMock.swift; sourceTree = "<group>"; };
		F505616325BEF74300A92CCE /* CoordinatorMock.swift */ = {isa = PBXFileReference; lastKnownFileType = sourcecode.swift; path = CoordinatorMock.swift; sourceTree = "<group>"; };
		F505616925BF127D00A92CCE /* MoviesListViewController.swift */ = {isa = PBXFileReference; lastKnownFileType = sourcecode.swift; path = MoviesListViewController.swift; sourceTree = "<group>"; };
		F505616D25BF12B300A92CCE /* MoviesList.storyboard */ = {isa = PBXFileReference; lastKnownFileType = file.storyboard; path = MoviesList.storyboard; sourceTree = "<group>"; };
		F505617125BF15D800A92CCE /* Storyboarded.swift */ = {isa = PBXFileReference; lastKnownFileType = sourcecode.swift; path = Storyboarded.swift; sourceTree = "<group>"; };
		F50BDC5A261B065F00F64AC0 /* LoadingViewController.swift */ = {isa = PBXFileReference; lastKnownFileType = sourcecode.swift; path = LoadingViewController.swift; sourceTree = "<group>"; };
		F50BDC5E261B077900F64AC0 /* UIViewController+extension.swift */ = {isa = PBXFileReference; lastKnownFileType = sourcecode.swift; path = "UIViewController+extension.swift"; sourceTree = "<group>"; };
		F50BDC62261B0DBC00F64AC0 /* UIAlertController+extension.swift */ = {isa = PBXFileReference; lastKnownFileType = sourcecode.swift; path = "UIAlertController+extension.swift"; sourceTree = "<group>"; };
		F50BDC6E261B459D00F64AC0 /* MovieCell.swift */ = {isa = PBXFileReference; lastKnownFileType = sourcecode.swift; path = MovieCell.swift; sourceTree = "<group>"; };
		F50BDC76261B461500F64AC0 /* MovieCellViewModel.swift */ = {isa = PBXFileReference; lastKnownFileType = sourcecode.swift; path = MovieCellViewModel.swift; sourceTree = "<group>"; };
		F521245F2555A0D60030DFD9 /* Country.swift */ = {isa = PBXFileReference; lastKnownFileType = sourcecode.swift; path = Country.swift; sourceTree = "<group>"; };
		F52124632555A19C0030DFD9 /* Worker.swift */ = {isa = PBXFileReference; lastKnownFileType = sourcecode.swift; path = Worker.swift; sourceTree = "<group>"; };
		F52124672555A1AD0030DFD9 /* Actor.swift */ = {isa = PBXFileReference; lastKnownFileType = sourcecode.swift; path = Actor.swift; sourceTree = "<group>"; };
		F521246B2555A1BE0030DFD9 /* Credits.swift */ = {isa = PBXFileReference; lastKnownFileType = sourcecode.swift; path = Credits.swift; sourceTree = "<group>"; };
		F521246F2555A2210030DFD9 /* Movie.swift */ = {isa = PBXFileReference; lastKnownFileType = sourcecode.swift; path = Movie.swift; sourceTree = "<group>"; };
		F52124732555A96E0030DFD9 /* DataManagerTests.swift */ = {isa = PBXFileReference; lastKnownFileType = sourcecode.swift; path = DataManagerTests.swift; sourceTree = "<group>"; };
		F52124792555AA830030DFD9 /* DataManager.swift */ = {isa = PBXFileReference; lastKnownFileType = sourcecode.swift; path = DataManager.swift; sourceTree = "<group>"; };
		F5243647258CED920047A13D /* MoviesFilter.swift */ = {isa = PBXFileReference; lastKnownFileType = sourcecode.swift; path = MoviesFilter.swift; sourceTree = "<group>"; };
		F524364B258CF8FB0047A13D /* MoviesFilterTests.swift */ = {isa = PBXFileReference; lastKnownFileType = sourcecode.swift; path = MoviesFilterTests.swift; sourceTree = "<group>"; };
		F532319D25BF1CDE00340E3D /* MoviesCoordinator.swift */ = {isa = PBXFileReference; lastKnownFileType = sourcecode.swift; path = MoviesCoordinator.swift; sourceTree = "<group>"; };
		F53231A125BF1DB900340E3D /* MoviesRouter.swift */ = {isa = PBXFileReference; lastKnownFileType = sourcecode.swift; path = MoviesRouter.swift; sourceTree = "<group>"; };
		F53231A525BF261A00340E3D /* ActivitiesViewController.swift */ = {isa = PBXFileReference; lastKnownFileType = sourcecode.swift; path = ActivitiesViewController.swift; sourceTree = "<group>"; };
		F53231A925BF265200340E3D /* Activities.storyboard */ = {isa = PBXFileReference; lastKnownFileType = file.storyboard; path = Activities.storyboard; sourceTree = "<group>"; };
		F53231AD25BF26BF00340E3D /* ActivitiesRouter.swift */ = {isa = PBXFileReference; lastKnownFileType = sourcecode.swift; path = ActivitiesRouter.swift; sourceTree = "<group>"; };
		F53231B125BF26D700340E3D /* ActivitiesCoordinator.swift */ = {isa = PBXFileReference; lastKnownFileType = sourcecode.swift; path = ActivitiesCoordinator.swift; sourceTree = "<group>"; };
		F53231B525BF27ED00340E3D /* MainCoordinator.swift */ = {isa = PBXFileReference; lastKnownFileType = sourcecode.swift; path = MainCoordinator.swift; sourceTree = "<group>"; };
		F53231B925BF27FD00340E3D /* MainRouter.swift */ = {isa = PBXFileReference; lastKnownFileType = sourcecode.swift; path = MainRouter.swift; sourceTree = "<group>"; };
		F542114E250FA57B00D6ACFE /* CustomErrorTests.swift */ = {isa = PBXFileReference; lastKnownFileType = sourcecode.swift; path = CustomErrorTests.swift; sourceTree = "<group>"; };
		F550FDC425C4383300EED3F3 /* MainRouterTests.swift */ = {isa = PBXFileReference; lastKnownFileType = sourcecode.swift; path = MainRouterTests.swift; sourceTree = "<group>"; };
		F550FDC825C4712C00EED3F3 /* MainCoordinatorTests.swift */ = {isa = PBXFileReference; lastKnownFileType = sourcecode.swift; path = MainCoordinatorTests.swift; sourceTree = "<group>"; };
		F55A97FD259C763A00402020 /* URL+extension.swift */ = {isa = PBXFileReference; lastKnownFileType = sourcecode.swift; path = "URL+extension.swift"; sourceTree = "<group>"; };
		F55A9801259C818100402020 /* movieDetails */ = {isa = PBXFileReference; lastKnownFileType = text; path = movieDetails; sourceTree = "<group>"; xcLanguageSpecificationIdentifier = xcode.lang.json; };
		F55A9809259C858100402020 /* Images.swift */ = {isa = PBXFileReference; lastKnownFileType = sourcecode.swift; path = Images.swift; sourceTree = "<group>"; };
		F55A980F259C88C400402020 /* Data+extension.swift */ = {isa = PBXFileReference; lastKnownFileType = sourcecode.swift; path = "Data+extension.swift"; sourceTree = "<group>"; };
		F55A9813259C8A7900402020 /* images */ = {isa = PBXFileReference; lastKnownFileType = text; path = images; sourceTree = "<group>"; xcLanguageSpecificationIdentifier = xcode.lang.json; };
		F55A9819259C8F5500402020 /* Videos.swift */ = {isa = PBXFileReference; lastKnownFileType = sourcecode.swift; path = Videos.swift; sourceTree = "<group>"; };
		F55A981D259C90A600402020 /* trailers */ = {isa = PBXFileReference; lastKnownFileType = text; path = trailers; sourceTree = "<group>"; xcLanguageSpecificationIdentifier = xcode.lang.json; };
		F55A9825259CA80400402020 /* MovieDetails.swift */ = {isa = PBXFileReference; lastKnownFileType = sourcecode.swift; path = MovieDetails.swift; sourceTree = "<group>"; };
		F55A9829259CA94200402020 /* MovieDetailsTests.swift */ = {isa = PBXFileReference; lastKnownFileType = sourcecode.swift; path = MovieDetailsTests.swift; sourceTree = "<group>"; };
		F55D8B4B2588AEF400BD6199 /* Endpoint.swift */ = {isa = PBXFileReference; lastKnownFileType = sourcecode.swift; path = Endpoint.swift; sourceTree = "<group>"; };
		F55D8B6D2588E5A000BD6199 /* ResponseConfigurator.swift */ = {isa = PBXFileReference; lastKnownFileType = sourcecode.swift; path = ResponseConfigurator.swift; sourceTree = "<group>"; };
		F55D8B712588E7B300BD6199 /* URLResponseMock.swift */ = {isa = PBXFileReference; lastKnownFileType = sourcecode.swift; path = URLResponseMock.swift; sourceTree = "<group>"; };
		F55D8B752588EA7D00BD6199 /* MockError.swift */ = {isa = PBXFileReference; lastKnownFileType = sourcecode.swift; path = MockError.swift; sourceTree = "<group>"; };
		F55D8B792588EB7900BD6199 /* ResponseTypeMock.swift */ = {isa = PBXFileReference; lastKnownFileType = sourcecode.swift; path = ResponseTypeMock.swift; sourceTree = "<group>"; };
		F55D8B812588F8E800BD6199 /* PackageOfMovies.swift */ = {isa = PBXFileReference; lastKnownFileType = sourcecode.swift; path = PackageOfMovies.swift; sourceTree = "<group>"; };
		F55D8B8D2589092100BD6199 /* movies */ = {isa = PBXFileReference; lastKnownFileType = text; path = movies; sourceTree = "<group>"; xcLanguageSpecificationIdentifier = xcode.lang.json; };
		F5697FE2261F26BE0077C344 /* ReuseIdentifiable.swift */ = {isa = PBXFileReference; lastKnownFileType = sourcecode.swift; path = ReuseIdentifiable.swift; sourceTree = "<group>"; };
		F5697FF4261F46100077C344 /* ImageHelper.swift */ = {isa = PBXFileReference; lastKnownFileType = sourcecode.swift; path = ImageHelper.swift; sourceTree = "<group>"; };
		F5698005261F4CE70077C344 /* AlertControllerTests.swift */ = {isa = PBXFileReference; lastKnownFileType = sourcecode.swift; path = AlertControllerTests.swift; sourceTree = "<group>"; };
		F5698009261F4EA50077C344 /* MovieCellViewModelTests.swift */ = {isa = PBXFileReference; lastKnownFileType = sourcecode.swift; path = MovieCellViewModelTests.swift; sourceTree = "<group>"; };
		F5698012261F4F9E0077C344 /* Movie+extension.swift */ = {isa = PBXFileReference; lastKnownFileType = sourcecode.swift; path = "Movie+extension.swift"; sourceTree = "<group>"; };
		F573320A250F6F6B002FB2DD /* NetworkingServiceTests.swift */ = {isa = PBXFileReference; lastKnownFileType = sourcecode.swift; path = NetworkingServiceTests.swift; sourceTree = "<group>"; };
		F573320C250F6FEC002FB2DD /* NetworkingService.swift */ = {isa = PBXFileReference; lastKnownFileType = sourcecode.swift; path = NetworkingService.swift; sourceTree = "<group>"; };
		F573320F250F7409002FB2DD /* NetworkingSession.swift */ = {isa = PBXFileReference; lastKnownFileType = sourcecode.swift; path = NetworkingSession.swift; sourceTree = "<group>"; };
		F5733211250F74FA002FB2DD /* URLSessionMock.swift */ = {isa = PBXFileReference; lastKnownFileType = sourcecode.swift; path = URLSessionMock.swift; sourceTree = "<group>"; };
		F5733216250F8A96002FB2DD /* CustomError.swift */ = {isa = PBXFileReference; lastKnownFileType = sourcecode.swift; path = CustomError.swift; sourceTree = "<group>"; };
		F5733219250F8C27002FB2DD /* genres */ = {isa = PBXFileReference; lastKnownFileType = text; path = genres; sourceTree = "<group>"; xcLanguageSpecificationIdentifier = xcode.lang.json; };
		F584F72026208C41006F3886 /* PublishableSubject.swift */ = {isa = PBXFileReference; lastKnownFileType = sourcecode.swift; path = PublishableSubject.swift; sourceTree = "<group>"; };
		F584F72426208C7B006F3886 /* State.swift */ = {isa = PBXFileReference; lastKnownFileType = sourcecode.swift; path = State.swift; sourceTree = "<group>"; };
		F5A3188D24EFCDF700F7CE77 /* MovieNotes.app */ = {isa = PBXFileReference; explicitFileType = wrapper.application; includeInIndex = 0; path = MovieNotes.app; sourceTree = BUILT_PRODUCTS_DIR; };
		F5A3189024EFCDF700F7CE77 /* AppDelegate.swift */ = {isa = PBXFileReference; lastKnownFileType = sourcecode.swift; path = AppDelegate.swift; sourceTree = "<group>"; };
		F5A3189224EFCDF700F7CE77 /* SceneDelegate.swift */ = {isa = PBXFileReference; lastKnownFileType = sourcecode.swift; path = SceneDelegate.swift; sourceTree = "<group>"; };
		F5A3189924EFCDFB00F7CE77 /* Assets.xcassets */ = {isa = PBXFileReference; lastKnownFileType = folder.assetcatalog; path = Assets.xcassets; sourceTree = "<group>"; };
		F5A3189C24EFCDFB00F7CE77 /* Base */ = {isa = PBXFileReference; lastKnownFileType = file.storyboard; name = Base; path = Base.lproj/LaunchScreen.storyboard; sourceTree = "<group>"; };
		F5A3189E24EFCDFB00F7CE77 /* Info.plist */ = {isa = PBXFileReference; lastKnownFileType = text.plist.xml; name = Info.plist; path = "MovieNotes/Suporting files/Info.plist"; sourceTree = SOURCE_ROOT; };
		F5B21C15256D633E00BE4219 /* GenreList.swift */ = {isa = PBXFileReference; lastKnownFileType = sourcecode.swift; path = GenreList.swift; sourceTree = "<group>"; };
		F5B2B3F52615C063009A5C3E /* MovieListViewModel.swift */ = {isa = PBXFileReference; lastKnownFileType = sourcecode.swift; path = MovieListViewModel.swift; sourceTree = "<group>"; };
		F5B2B3F92615C2EA009A5C3E /* MoviesCoordinatorTests.swift */ = {isa = PBXFileReference; lastKnownFileType = sourcecode.swift; path = MoviesCoordinatorTests.swift; sourceTree = "<group>"; };
		F5B2B3FD2615C6EF009A5C3E /* MoviesRouterTests.swift */ = {isa = PBXFileReference; lastKnownFileType = sourcecode.swift; path = MoviesRouterTests.swift; sourceTree = "<group>"; };
		F5C54FB7250A563C00C2C3A8 /* MovieNotesTests.xctest */ = {isa = PBXFileReference; explicitFileType = wrapper.cfbundle; includeInIndex = 0; path = MovieNotesTests.xctest; sourceTree = BUILT_PRODUCTS_DIR; };
		F5C54FBB250A563C00C2C3A8 /* Info.plist */ = {isa = PBXFileReference; lastKnownFileType = text.plist.xml; path = Info.plist; sourceTree = "<group>"; };
		F5C54FC5250A756800C2C3A8 /* Genre.swift */ = {isa = PBXFileReference; lastKnownFileType = sourcecode.swift; path = Genre.swift; sourceTree = "<group>"; };
		F5C54FC9250A7A7F00C2C3A8 /* Helper.swift */ = {isa = PBXFileReference; lastKnownFileType = sourcecode.swift; path = Helper.swift; sourceTree = "<group>"; };
		F5DA5A0F250B99C80077BA59 /* UserDefaultsServiceTests.swift */ = {isa = PBXFileReference; lastKnownFileType = sourcecode.swift; path = UserDefaultsServiceTests.swift; sourceTree = "<group>"; };
		F5DA5A11250B9A560077BA59 /* UserDefaultsService.swift */ = {isa = PBXFileReference; lastKnownFileType = sourcecode.swift; path = UserDefaultsService.swift; sourceTree = "<group>"; };
		F5DA5A13250BA1530077BA59 /* CoderTests.swift */ = {isa = PBXFileReference; lastKnownFileType = sourcecode.swift; path = CoderTests.swift; sourceTree = "<group>"; };
		F5DA5A17250BA1E70077BA59 /* Coder.swift */ = {isa = PBXFileReference; lastKnownFileType = sourcecode.swift; path = Coder.swift; sourceTree = "<group>"; };
/* End PBXFileReference section */

/* Begin PBXFrameworksBuildPhase section */
		F5A3188A24EFCDF700F7CE77 /* Frameworks */ = {
			isa = PBXFrameworksBuildPhase;
			buildActionMask = 2147483647;
			files = (
				A4BC7FB97CF483A793D267CD /* Pods_MovieNotes.framework in Frameworks */,
			);
			runOnlyForDeploymentPostprocessing = 0;
		};
		F5C54FB4250A563C00C2C3A8 /* Frameworks */ = {
			isa = PBXFrameworksBuildPhase;
			buildActionMask = 2147483647;
			files = (
				D4FE5C9663AB27325F9C91F3 /* Pods_MovieNotesTests.framework in Frameworks */,
			);
			runOnlyForDeploymentPostprocessing = 0;
		};
/* End PBXFrameworksBuildPhase section */

/* Begin PBXGroup section */
		DEF1EA44D51119AF5EA9C4B5 /* Pods */ = {
			isa = PBXGroup;
			children = (
				B91E8455D9874E5C7A9E70AA /* Pods-MovieNotes.debug.xcconfig */,
				897F19677FCD322C22B147B0 /* Pods-MovieNotes.release.xcconfig */,
				10F5F39C3A637A3DE0745CCD /* Pods-MovieNotesTests.debug.xcconfig */,
				62EBC19501B0C00111422ECD /* Pods-MovieNotesTests.release.xcconfig */,
			);
			path = Pods;
			sourceTree = "<group>";
		};
		F505612A25BED38A00A92CCE /* Extensions */ = {
			isa = PBXGroup;
			children = (
				F55A97FD259C763A00402020 /* URL+extension.swift */,
				F50BDC5E261B077900F64AC0 /* UIViewController+extension.swift */,
				F50BDC62261B0DBC00F64AC0 /* UIAlertController+extension.swift */,
			);
			path = Extensions;
			sourceTree = "<group>";
		};
		F505613725BED57F00A92CCE /* Coordinators */ = {
			isa = PBXGroup;
			children = (
				F505613325BED55700A92CCE /* Coordinator.swift */,
				F53231B525BF27ED00340E3D /* MainCoordinator.swift */,
				F532319D25BF1CDE00340E3D /* MoviesCoordinator.swift */,
				F53231B125BF26D700340E3D /* ActivitiesCoordinator.swift */,
			);
			path = Coordinators;
			sourceTree = "<group>";
		};
		F505613A25BED58E00A92CCE /* Routers */ = {
			isa = PBXGroup;
			children = (
				F505612F25BED54300A92CCE /* Router.swift */,
				F53231A125BF1DB900340E3D /* MoviesRouter.swift */,
				F53231AD25BF26BF00340E3D /* ActivitiesRouter.swift */,
				F53231B925BF27FD00340E3D /* MainRouter.swift */,
			);
			path = Routers;
			sourceTree = "<group>";
		};
		F505614125BED7B500A92CCE /* Routers */ = {
			isa = PBXGroup;
			children = (
				F505614825BED7EA00A92CCE /* RouterTests.swift */,
				F550FDC425C4383300EED3F3 /* MainRouterTests.swift */,
				F5B2B3FD2615C6EF009A5C3E /* MoviesRouterTests.swift */,
			);
			path = Routers;
			sourceTree = "<group>";
		};
		F505615625BEF26800A92CCE /* Coordinators */ = {
			isa = PBXGroup;
			children = (
				F505615225BEF25D00A92CCE /* CoordinatorTests.swift */,
				F550FDC825C4712C00EED3F3 /* MainCoordinatorTests.swift */,
				F5B2B3F92615C2EA009A5C3E /* MoviesCoordinatorTests.swift */,
			);
			path = Coordinators;
			sourceTree = "<group>";
		};
		F50BDC73261B45BD00F64AC0 /* Cell */ = {
			isa = PBXGroup;
			children = (
				F50BDC6E261B459D00F64AC0 /* MovieCell.swift */,
				F50BDC76261B461500F64AC0 /* MovieCellViewModel.swift */,
			);
			path = Cell;
			sourceTree = "<group>";
		};
		F55A982D259CA98600402020 /* Model */ = {
			isa = PBXGroup;
			children = (
				F542114E250FA57B00D6ACFE /* CustomErrorTests.swift */,
				F524364B258CF8FB0047A13D /* MoviesFilterTests.swift */,
				F55A9829259CA94200402020 /* MovieDetailsTests.swift */,
			);
			path = Model;
			sourceTree = "<group>";
		};
		F5697FFC261F4CBE0077C344 /* View */ = {
			isa = PBXGroup;
			children = (
				F5698005261F4CE70077C344 /* AlertControllerTests.swift */,
			);
			path = View;
			sourceTree = "<group>";
		};
		F569800D261F4EB20077C344 /* ViewModel */ = {
			isa = PBXGroup;
			children = (
				F5698009261F4EA50077C344 /* MovieCellViewModelTests.swift */,
			);
			path = ViewModel;
			sourceTree = "<group>";
		};
		F573320E250F73F0002FB2DD /* Networking */ = {
			isa = PBXGroup;
			children = (
				F573320C250F6FEC002FB2DD /* NetworkingService.swift */,
				F55D8B4B2588AEF400BD6199 /* Endpoint.swift */,
				F573320F250F7409002FB2DD /* NetworkingSession.swift */,
			);
			path = Networking;
			sourceTree = "<group>";
		};
		F5733215250F755C002FB2DD /* Mock */ = {
			isa = PBXGroup;
			children = (
				F5733211250F74FA002FB2DD /* URLSessionMock.swift */,
				F55D8B6D2588E5A000BD6199 /* ResponseConfigurator.swift */,
				F55D8B752588EA7D00BD6199 /* MockError.swift */,
				F55D8B712588E7B300BD6199 /* URLResponseMock.swift */,
				F55D8B792588EB7900BD6199 /* ResponseTypeMock.swift */,
				F505615D25BEF6B200A92CCE /* RouterMock.swift */,
				F505616325BEF74300A92CCE /* CoordinatorMock.swift */,
			);
			path = Mock;
			sourceTree = "<group>";
		};
		F5A3188424EFCDF700F7CE77 = {
			isa = PBXGroup;
			children = (
				F5A3188F24EFCDF700F7CE77 /* MovieNotes */,
				F5C54FB8250A563C00C2C3A8 /* MovieNotesTests */,
				F5A3188E24EFCDF700F7CE77 /* Products */,
				DEF1EA44D51119AF5EA9C4B5 /* Pods */,
				F97F2653485A88C045F4464B /* Frameworks */,
			);
			sourceTree = "<group>";
		};
		F5A3188E24EFCDF700F7CE77 /* Products */ = {
			isa = PBXGroup;
			children = (
				F5A3188D24EFCDF700F7CE77 /* MovieNotes.app */,
				F5C54FB7250A563C00C2C3A8 /* MovieNotesTests.xctest */,
			);
			name = Products;
			sourceTree = "<group>";
		};
		F5A3188F24EFCDF700F7CE77 /* MovieNotes */ = {
			isa = PBXGroup;
			children = (
				F5C54FC8250A7A7000C2C3A8 /* Common */,
				F5C54FC3250A622100C2C3A8 /* Modules */,
				F5C54FC1250A620F00C2C3A8 /* Model */,
				F5C54FC4250A623500C2C3A8 /* Suporting files */,
				F5DA5A16250BA1D70077BA59 /* Service */,
				F505612A25BED38A00A92CCE /* Extensions */,
				F505613A25BED58E00A92CCE /* Routers */,
				F505613725BED57F00A92CCE /* Coordinators */,
				F50BDC5A261B065F00F64AC0 /* LoadingViewController.swift */,
			);
			path = MovieNotes;
			sourceTree = "<group>";
		};
		F5B2B3ED2615BFE3009A5C3E /* Movie */ = {
			isa = PBXGroup;
			children = (
				F505616D25BF12B300A92CCE /* MoviesList.storyboard */,
				F505616925BF127D00A92CCE /* MoviesListViewController.swift */,
				F5B2B3F52615C063009A5C3E /* MovieListViewModel.swift */,
				F50BDC73261B45BD00F64AC0 /* Cell */,
			);
			path = Movie;
			sourceTree = "<group>";
		};
		F5B2B3F02615BFF7009A5C3E /* Activities */ = {
			isa = PBXGroup;
			children = (
				F53231A525BF261A00340E3D /* ActivitiesViewController.swift */,
				F53231A925BF265200340E3D /* Activities.storyboard */,
			);
			path = Activities;
			sourceTree = "<group>";
		};
		F5C54FB8250A563C00C2C3A8 /* MovieNotesTests */ = {
			isa = PBXGroup;
			children = (
				F5733219250F8C27002FB2DD /* genres */,
				F55A9801259C818100402020 /* movieDetails */,
				F55A9813259C8A7900402020 /* images */,
				F55A981D259C90A600402020 /* trailers */,
				F55D8B8D2589092100BD6199 /* movies */,
				F569800D261F4EB20077C344 /* ViewModel */,
				F5697FFC261F4CBE0077C344 /* View */,
				F505615625BEF26800A92CCE /* Coordinators */,
				F505614125BED7B500A92CCE /* Routers */,
				F55A982D259CA98600402020 /* Model */,
				F5C54FBB250A563C00C2C3A8 /* Info.plist */,
				F5DA5A15250BA1610077BA59 /* Service */,
				F5733215250F755C002FB2DD /* Mock */,
				F55A980F259C88C400402020 /* Data+extension.swift */,
				F5698012261F4F9E0077C344 /* Movie+extension.swift */,
			);
			path = MovieNotesTests;
			sourceTree = "<group>";
		};
		F5C54FC1250A620F00C2C3A8 /* Model */ = {
			isa = PBXGroup;
			children = (
				F5C54FC5250A756800C2C3A8 /* Genre.swift */,
				F521245F2555A0D60030DFD9 /* Country.swift */,
				F52124632555A19C0030DFD9 /* Worker.swift */,
				F52124672555A1AD0030DFD9 /* Actor.swift */,
				F521246B2555A1BE0030DFD9 /* Credits.swift */,
				F521246F2555A2210030DFD9 /* Movie.swift */,
				F5B21C15256D633E00BE4219 /* GenreList.swift */,
				F55D8B812588F8E800BD6199 /* PackageOfMovies.swift */,
				F5243647258CED920047A13D /* MoviesFilter.swift */,
				F55A9809259C858100402020 /* Images.swift */,
				F55A9819259C8F5500402020 /* Videos.swift */,
				F55A9825259CA80400402020 /* MovieDetails.swift */,
			);
			path = Model;
			sourceTree = "<group>";
		};
		F5C54FC3250A622100C2C3A8 /* Modules */ = {
			isa = PBXGroup;
			children = (
				F5B2B3F02615BFF7009A5C3E /* Activities */,
				F5B2B3ED2615BFE3009A5C3E /* Movie */,
			);
			path = Modules;
			sourceTree = "<group>";
		};
		F5C54FC4250A623500C2C3A8 /* Suporting files */ = {
			isa = PBXGroup;
			children = (
				F5A3189024EFCDF700F7CE77 /* AppDelegate.swift */,
				F5A3189224EFCDF700F7CE77 /* SceneDelegate.swift */,
				F5A3189924EFCDFB00F7CE77 /* Assets.xcassets */,
				F5A3189B24EFCDFB00F7CE77 /* LaunchScreen.storyboard */,
				F5A3189E24EFCDFB00F7CE77 /* Info.plist */,
			);
			path = "Suporting files";
			sourceTree = "<group>";
		};
		F5C54FC8250A7A7000C2C3A8 /* Common */ = {
			isa = PBXGroup;
			children = (
				F5733216250F8A96002FB2DD /* CustomError.swift */,
				F5C54FC9250A7A7F00C2C3A8 /* Helper.swift */,
				F5697FF4261F46100077C344 /* ImageHelper.swift */,
				F505617125BF15D800A92CCE /* Storyboarded.swift */,
				F5697FE2261F26BE0077C344 /* ReuseIdentifiable.swift */,
				F584F72026208C41006F3886 /* PublishableSubject.swift */,
				F584F72426208C7B006F3886 /* State.swift */,
			);
			path = Common;
			sourceTree = "<group>";
		};
		F5DA5A15250BA1610077BA59 /* Service */ = {
			isa = PBXGroup;
			children = (
				F5DA5A0F250B99C80077BA59 /* UserDefaultsServiceTests.swift */,
				F5DA5A13250BA1530077BA59 /* CoderTests.swift */,
				F573320A250F6F6B002FB2DD /* NetworkingServiceTests.swift */,
				F52124732555A96E0030DFD9 /* DataManagerTests.swift */,
			);
			path = Service;
			sourceTree = "<group>";
		};
		F5DA5A16250BA1D70077BA59 /* Service */ = {
			isa = PBXGroup;
			children = (
				F5DA5A11250B9A560077BA59 /* UserDefaultsService.swift */,
				F5DA5A17250BA1E70077BA59 /* Coder.swift */,
				F573320E250F73F0002FB2DD /* Networking */,
				F52124792555AA830030DFD9 /* DataManager.swift */,
			);
			path = Service;
			sourceTree = "<group>";
		};
		F97F2653485A88C045F4464B /* Frameworks */ = {
			isa = PBXGroup;
			children = (
				0EED608730FB630FB3D5B6A8 /* Pods_MovieNotes.framework */,
				8E0B39842731B74FD584C424 /* Pods_MovieNotesTests.framework */,
			);
			name = Frameworks;
			sourceTree = "<group>";
		};
/* End PBXGroup section */

/* Begin PBXNativeTarget section */
		F5A3188C24EFCDF700F7CE77 /* MovieNotes */ = {
			isa = PBXNativeTarget;
			buildConfigurationList = F5A318A124EFCDFB00F7CE77 /* Build configuration list for PBXNativeTarget "MovieNotes" */;
			buildPhases = (
				5ED84DE15EDF0F90902834A2 /* [CP] Check Pods Manifest.lock */,
				F5A3188924EFCDF700F7CE77 /* Sources */,
				F5A3188A24EFCDF700F7CE77 /* Frameworks */,
				F5A3188B24EFCDF700F7CE77 /* Resources */,
				E4FD8A4120CECDD308FBF462 /* [CP] Embed Pods Frameworks */,
			);
			buildRules = (
			);
			dependencies = (
			);
			name = MovieNotes;
			productName = MovieNotes;
			productReference = F5A3188D24EFCDF700F7CE77 /* MovieNotes.app */;
			productType = "com.apple.product-type.application";
		};
		F5C54FB6250A563C00C2C3A8 /* MovieNotesTests */ = {
			isa = PBXNativeTarget;
			buildConfigurationList = F5C54FC0250A563C00C2C3A8 /* Build configuration list for PBXNativeTarget "MovieNotesTests" */;
			buildPhases = (
				F21DA03BCFD3EEF565773DD0 /* [CP] Check Pods Manifest.lock */,
				F5C54FB3250A563C00C2C3A8 /* Sources */,
				F5C54FB4250A563C00C2C3A8 /* Frameworks */,
				F5C54FB5250A563C00C2C3A8 /* Resources */,
			);
			buildRules = (
			);
			dependencies = (
				F5C54FBD250A563C00C2C3A8 /* PBXTargetDependency */,
			);
			name = MovieNotesTests;
			productName = MovieNotesTests;
			productReference = F5C54FB7250A563C00C2C3A8 /* MovieNotesTests.xctest */;
			productType = "com.apple.product-type.bundle.unit-test";
		};
/* End PBXNativeTarget section */

/* Begin PBXProject section */
		F5A3188524EFCDF700F7CE77 /* Project object */ = {
			isa = PBXProject;
			attributes = {
				LastSwiftUpdateCheck = 1160;
				LastUpgradeCheck = 1240;
				ORGANIZATIONNAME = "Богдан Семенюк";
				TargetAttributes = {
					F5A3188C24EFCDF700F7CE77 = {
						CreatedOnToolsVersion = 11.6;
					};
					F5C54FB6250A563C00C2C3A8 = {
						CreatedOnToolsVersion = 11.6;
						TestTargetID = F5A3188C24EFCDF700F7CE77;
					};
				};
			};
			buildConfigurationList = F5A3188824EFCDF700F7CE77 /* Build configuration list for PBXProject "MovieNotes" */;
			compatibilityVersion = "Xcode 9.3";
			developmentRegion = en;
			hasScannedForEncodings = 0;
			knownRegions = (
				en,
				Base,
			);
			mainGroup = F5A3188424EFCDF700F7CE77;
			productRefGroup = F5A3188E24EFCDF700F7CE77 /* Products */;
			projectDirPath = "";
			projectRoot = "";
			targets = (
				F5A3188C24EFCDF700F7CE77 /* MovieNotes */,
				F5C54FB6250A563C00C2C3A8 /* MovieNotesTests */,
			);
		};
/* End PBXProject section */

/* Begin PBXResourcesBuildPhase section */
		F5A3188B24EFCDF700F7CE77 /* Resources */ = {
			isa = PBXResourcesBuildPhase;
			buildActionMask = 2147483647;
			files = (
				F505616E25BF12B300A92CCE /* MoviesList.storyboard in Resources */,
				F53231AA25BF265200340E3D /* Activities.storyboard in Resources */,
				F5A3189D24EFCDFB00F7CE77 /* LaunchScreen.storyboard in Resources */,
				F5A3189A24EFCDFB00F7CE77 /* Assets.xcassets in Resources */,
			);
			runOnlyForDeploymentPostprocessing = 0;
		};
		F5C54FB5250A563C00C2C3A8 /* Resources */ = {
			isa = PBXResourcesBuildPhase;
			buildActionMask = 2147483647;
			files = (
				F55A981E259C90A600402020 /* trailers in Resources */,
				F55A9814259C8A7900402020 /* images in Resources */,
				F55A9802259C818100402020 /* movieDetails in Resources */,
				F573321A250F8C27002FB2DD /* genres in Resources */,
				F55D8B8E2589092100BD6199 /* movies in Resources */,
			);
			runOnlyForDeploymentPostprocessing = 0;
		};
/* End PBXResourcesBuildPhase section */

/* Begin PBXShellScriptBuildPhase section */
		5ED84DE15EDF0F90902834A2 /* [CP] Check Pods Manifest.lock */ = {
			isa = PBXShellScriptBuildPhase;
			buildActionMask = 2147483647;
			files = (
			);
			inputFileListPaths = (
			);
			inputPaths = (
				"${PODS_PODFILE_DIR_PATH}/Podfile.lock",
				"${PODS_ROOT}/Manifest.lock",
			);
			name = "[CP] Check Pods Manifest.lock";
			outputFileListPaths = (
			);
			outputPaths = (
				"$(DERIVED_FILE_DIR)/Pods-MovieNotes-checkManifestLockResult.txt",
			);
			runOnlyForDeploymentPostprocessing = 0;
			shellPath = /bin/sh;
			shellScript = "diff \"${PODS_PODFILE_DIR_PATH}/Podfile.lock\" \"${PODS_ROOT}/Manifest.lock\" > /dev/null\nif [ $? != 0 ] ; then\n    # print error to STDERR\n    echo \"error: The sandbox is not in sync with the Podfile.lock. Run 'pod install' or update your CocoaPods installation.\" >&2\n    exit 1\nfi\n# This output is used by Xcode 'outputs' to avoid re-running this script phase.\necho \"SUCCESS\" > \"${SCRIPT_OUTPUT_FILE_0}\"\n";
			showEnvVarsInLog = 0;
		};
		E4FD8A4120CECDD308FBF462 /* [CP] Embed Pods Frameworks */ = {
			isa = PBXShellScriptBuildPhase;
			buildActionMask = 2147483647;
			files = (
			);
			inputFileListPaths = (
				"${PODS_ROOT}/Target Support Files/Pods-MovieNotes/Pods-MovieNotes-frameworks-${CONFIGURATION}-input-files.xcfilelist",
			);
			name = "[CP] Embed Pods Frameworks";
			outputFileListPaths = (
				"${PODS_ROOT}/Target Support Files/Pods-MovieNotes/Pods-MovieNotes-frameworks-${CONFIGURATION}-output-files.xcfilelist",
			);
			runOnlyForDeploymentPostprocessing = 0;
			shellPath = /bin/sh;
			shellScript = "\"${PODS_ROOT}/Target Support Files/Pods-MovieNotes/Pods-MovieNotes-frameworks.sh\"\n";
			showEnvVarsInLog = 0;
		};
		F21DA03BCFD3EEF565773DD0 /* [CP] Check Pods Manifest.lock */ = {
			isa = PBXShellScriptBuildPhase;
			buildActionMask = 2147483647;
			files = (
			);
			inputFileListPaths = (
			);
			inputPaths = (
				"${PODS_PODFILE_DIR_PATH}/Podfile.lock",
				"${PODS_ROOT}/Manifest.lock",
			);
			name = "[CP] Check Pods Manifest.lock";
			outputFileListPaths = (
			);
			outputPaths = (
				"$(DERIVED_FILE_DIR)/Pods-MovieNotesTests-checkManifestLockResult.txt",
			);
			runOnlyForDeploymentPostprocessing = 0;
			shellPath = /bin/sh;
			shellScript = "diff \"${PODS_PODFILE_DIR_PATH}/Podfile.lock\" \"${PODS_ROOT}/Manifest.lock\" > /dev/null\nif [ $? != 0 ] ; then\n    # print error to STDERR\n    echo \"error: The sandbox is not in sync with the Podfile.lock. Run 'pod install' or update your CocoaPods installation.\" >&2\n    exit 1\nfi\n# This output is used by Xcode 'outputs' to avoid re-running this script phase.\necho \"SUCCESS\" > \"${SCRIPT_OUTPUT_FILE_0}\"\n";
			showEnvVarsInLog = 0;
		};
/* End PBXShellScriptBuildPhase section */

/* Begin PBXSourcesBuildPhase section */
		F5A3188924EFCDF700F7CE77 /* Sources */ = {
			isa = PBXSourcesBuildPhase;
			buildActionMask = 2147483647;
			files = (
				F52124702555A2210030DFD9 /* Movie.swift in Sources */,
				F521247A2555AA830030DFD9 /* DataManager.swift in Sources */,
				F5C54FC6250A756800C2C3A8 /* Genre.swift in Sources */,
				F584F72526208C7B006F3886 /* State.swift in Sources */,
				F53231BA25BF27FD00340E3D /* MainRouter.swift in Sources */,
				F50BDC63261B0DBC00F64AC0 /* UIAlertController+extension.swift in Sources */,
				F53231AE25BF26BF00340E3D /* ActivitiesRouter.swift in Sources */,
				F5DA5A18250BA1E70077BA59 /* Coder.swift in Sources */,
				F5A3189124EFCDF700F7CE77 /* AppDelegate.swift in Sources */,
				F5697FE3261F26BE0077C344 /* ReuseIdentifiable.swift in Sources */,
				F532319E25BF1CDE00340E3D /* MoviesCoordinator.swift in Sources */,
				F521246C2555A1BE0030DFD9 /* Credits.swift in Sources */,
				F53231A625BF261A00340E3D /* ActivitiesViewController.swift in Sources */,
				F52124682555A1AD0030DFD9 /* Actor.swift in Sources */,
				F55A980A259C858100402020 /* Images.swift in Sources */,
				F5B21C16256D633E00BE4219 /* GenreList.swift in Sources */,
				F5DA5A12250B9A560077BA59 /* UserDefaultsService.swift in Sources */,
				F50BDC5F261B077900F64AC0 /* UIViewController+extension.swift in Sources */,
				F55A97FE259C763A00402020 /* URL+extension.swift in Sources */,
				F55A9826259CA80400402020 /* MovieDetails.swift in Sources */,
				F53231B225BF26D700340E3D /* ActivitiesCoordinator.swift in Sources */,
				F53231B625BF27ED00340E3D /* MainCoordinator.swift in Sources */,
				F5A3189324EFCDF700F7CE77 /* SceneDelegate.swift in Sources */,
				F55D8B822588F8E800BD6199 /* PackageOfMovies.swift in Sources */,
				F5733218250F8B0F002FB2DD /* CustomError.swift in Sources */,
				F584F72126208C41006F3886 /* PublishableSubject.swift in Sources */,
				F50BDC77261B461500F64AC0 /* MovieCellViewModel.swift in Sources */,
				F573320D250F6FEC002FB2DD /* NetworkingService.swift in Sources */,
				F505613025BED54300A92CCE /* Router.swift in Sources */,
				F50BDC5B261B065F00F64AC0 /* LoadingViewController.swift in Sources */,
				F50BDC6F261B459D00F64AC0 /* MovieCell.swift in Sources */,
				F5733210250F7409002FB2DD /* NetworkingSession.swift in Sources */,
				F5B2B3F62615C063009A5C3E /* MovieListViewModel.swift in Sources */,
				F53231A225BF1DB900340E3D /* MoviesRouter.swift in Sources */,
				F52124602555A0D60030DFD9 /* Country.swift in Sources */,
				F5243648258CED920047A13D /* MoviesFilter.swift in Sources */,
				F52124642555A19C0030DFD9 /* Worker.swift in Sources */,
				F55D8B4C2588AEF400BD6199 /* Endpoint.swift in Sources */,
				F505613425BED55700A92CCE /* Coordinator.swift in Sources */,
				F505617225BF15D800A92CCE /* Storyboarded.swift in Sources */,
				F505616A25BF127D00A92CCE /* MoviesListViewController.swift in Sources */,
				F5C54FCA250A7A7F00C2C3A8 /* Helper.swift in Sources */,
				F55A981A259C8F5500402020 /* Videos.swift in Sources */,
				F5697FF5261F46100077C344 /* ImageHelper.swift in Sources */,
			);
			runOnlyForDeploymentPostprocessing = 0;
		};
		F5C54FB3250A563C00C2C3A8 /* Sources */ = {
			isa = PBXSourcesBuildPhase;
			buildActionMask = 2147483647;
			files = (
				F5698013261F4F9E0077C344 /* Movie+extension.swift in Sources */,
				F542114F250FA57B00D6ACFE /* CustomErrorTests.swift in Sources */,
				F524364C258CF8FB0047A13D /* MoviesFilterTests.swift in Sources */,
				F52124742555A96E0030DFD9 /* DataManagerTests.swift in Sources */,
				F55D8B722588E7B300BD6199 /* URLResponseMock.swift in Sources */,
				F55A982A259CA94200402020 /* MovieDetailsTests.swift in Sources */,
				F5733212250F74FA002FB2DD /* URLSessionMock.swift in Sources */,
				F505615E25BEF6B200A92CCE /* RouterMock.swift in Sources */,
				F55A9810259C88C400402020 /* Data+extension.swift in Sources */,
				F5DA5A10250B99C80077BA59 /* UserDefaultsServiceTests.swift in Sources */,
				F573320B250F6F6B002FB2DD /* NetworkingServiceTests.swift in Sources */,
				F55D8B762588EA7D00BD6199 /* MockError.swift in Sources */,
				F55D8B7A2588EB7900BD6199 /* ResponseTypeMock.swift in Sources */,
				F5B2B3FE2615C6EF009A5C3E /* MoviesRouterTests.swift in Sources */,
				F505615325BEF25D00A92CCE /* CoordinatorTests.swift in Sources */,
				F5B2B3FA2615C2EA009A5C3E /* MoviesCoordinatorTests.swift in Sources */,
				F5DA5A14250BA1530077BA59 /* CoderTests.swift in Sources */,
				F550FDC925C4712C00EED3F3 /* MainCoordinatorTests.swift in Sources */,
				F569800A261F4EA50077C344 /* MovieCellViewModelTests.swift in Sources */,
				F505614925BED7EA00A92CCE /* RouterTests.swift in Sources */,
				F5698006261F4CE70077C344 /* AlertControllerTests.swift in Sources */,
				F550FDC525C4383300EED3F3 /* MainRouterTests.swift in Sources */,
				F55D8B6E2588E5A000BD6199 /* ResponseConfigurator.swift in Sources */,
				F505616425BEF74300A92CCE /* CoordinatorMock.swift in Sources */,
			);
			runOnlyForDeploymentPostprocessing = 0;
		};
/* End PBXSourcesBuildPhase section */

/* Begin PBXTargetDependency section */
		F5C54FBD250A563C00C2C3A8 /* PBXTargetDependency */ = {
			isa = PBXTargetDependency;
			target = F5A3188C24EFCDF700F7CE77 /* MovieNotes */;
			targetProxy = F5C54FBC250A563C00C2C3A8 /* PBXContainerItemProxy */;
		};
/* End PBXTargetDependency section */

/* Begin PBXVariantGroup section */
		F5A3189B24EFCDFB00F7CE77 /* LaunchScreen.storyboard */ = {
			isa = PBXVariantGroup;
			children = (
				F5A3189C24EFCDFB00F7CE77 /* Base */,
			);
			name = LaunchScreen.storyboard;
			sourceTree = "<group>";
		};
/* End PBXVariantGroup section */

/* Begin XCBuildConfiguration section */
		F5A3189F24EFCDFB00F7CE77 /* Debug */ = {
			isa = XCBuildConfiguration;
			buildSettings = {
				ALWAYS_SEARCH_USER_PATHS = NO;
				CLANG_ANALYZER_NONNULL = YES;
				CLANG_ANALYZER_NUMBER_OBJECT_CONVERSION = YES_AGGRESSIVE;
				CLANG_CXX_LANGUAGE_STANDARD = "gnu++14";
				CLANG_CXX_LIBRARY = "libc++";
				CLANG_ENABLE_MODULES = YES;
				CLANG_ENABLE_OBJC_ARC = YES;
				CLANG_ENABLE_OBJC_WEAK = YES;
				CLANG_WARN_BLOCK_CAPTURE_AUTORELEASING = YES;
				CLANG_WARN_BOOL_CONVERSION = YES;
				CLANG_WARN_COMMA = YES;
				CLANG_WARN_CONSTANT_CONVERSION = YES;
				CLANG_WARN_DEPRECATED_OBJC_IMPLEMENTATIONS = YES;
				CLANG_WARN_DIRECT_OBJC_ISA_USAGE = YES_ERROR;
				CLANG_WARN_DOCUMENTATION_COMMENTS = YES;
				CLANG_WARN_EMPTY_BODY = YES;
				CLANG_WARN_ENUM_CONVERSION = YES;
				CLANG_WARN_INFINITE_RECURSION = YES;
				CLANG_WARN_INT_CONVERSION = YES;
				CLANG_WARN_NON_LITERAL_NULL_CONVERSION = YES;
				CLANG_WARN_OBJC_IMPLICIT_RETAIN_SELF = YES;
				CLANG_WARN_OBJC_LITERAL_CONVERSION = YES;
				CLANG_WARN_OBJC_ROOT_CLASS = YES_ERROR;
				CLANG_WARN_QUOTED_INCLUDE_IN_FRAMEWORK_HEADER = YES;
				CLANG_WARN_RANGE_LOOP_ANALYSIS = YES;
				CLANG_WARN_STRICT_PROTOTYPES = YES;
				CLANG_WARN_SUSPICIOUS_MOVE = YES;
				CLANG_WARN_UNGUARDED_AVAILABILITY = YES_AGGRESSIVE;
				CLANG_WARN_UNREACHABLE_CODE = YES;
				CLANG_WARN__DUPLICATE_METHOD_MATCH = YES;
				COPY_PHASE_STRIP = NO;
				DEBUG_INFORMATION_FORMAT = dwarf;
				ENABLE_STRICT_OBJC_MSGSEND = YES;
				ENABLE_TESTABILITY = YES;
				GCC_C_LANGUAGE_STANDARD = gnu11;
				GCC_DYNAMIC_NO_PIC = NO;
				GCC_NO_COMMON_BLOCKS = YES;
				GCC_OPTIMIZATION_LEVEL = 0;
				GCC_PREPROCESSOR_DEFINITIONS = (
					"DEBUG=1",
					"$(inherited)",
				);
				GCC_WARN_64_TO_32_BIT_CONVERSION = YES;
				GCC_WARN_ABOUT_RETURN_TYPE = YES_ERROR;
				GCC_WARN_UNDECLARED_SELECTOR = YES;
				GCC_WARN_UNINITIALIZED_AUTOS = YES_AGGRESSIVE;
				GCC_WARN_UNUSED_FUNCTION = YES;
				GCC_WARN_UNUSED_VARIABLE = YES;
				IPHONEOS_DEPLOYMENT_TARGET = 13.6;
				MTL_ENABLE_DEBUG_INFO = INCLUDE_SOURCE;
				MTL_FAST_MATH = YES;
				ONLY_ACTIVE_ARCH = YES;
				SDKROOT = iphoneos;
				SWIFT_ACTIVE_COMPILATION_CONDITIONS = DEBUG;
				SWIFT_OPTIMIZATION_LEVEL = "-Onone";
			};
			name = Debug;
		};
		F5A318A024EFCDFB00F7CE77 /* Release */ = {
			isa = XCBuildConfiguration;
			buildSettings = {
				ALWAYS_SEARCH_USER_PATHS = NO;
				CLANG_ANALYZER_NONNULL = YES;
				CLANG_ANALYZER_NUMBER_OBJECT_CONVERSION = YES_AGGRESSIVE;
				CLANG_CXX_LANGUAGE_STANDARD = "gnu++14";
				CLANG_CXX_LIBRARY = "libc++";
				CLANG_ENABLE_MODULES = YES;
				CLANG_ENABLE_OBJC_ARC = YES;
				CLANG_ENABLE_OBJC_WEAK = YES;
				CLANG_WARN_BLOCK_CAPTURE_AUTORELEASING = YES;
				CLANG_WARN_BOOL_CONVERSION = YES;
				CLANG_WARN_COMMA = YES;
				CLANG_WARN_CONSTANT_CONVERSION = YES;
				CLANG_WARN_DEPRECATED_OBJC_IMPLEMENTATIONS = YES;
				CLANG_WARN_DIRECT_OBJC_ISA_USAGE = YES_ERROR;
				CLANG_WARN_DOCUMENTATION_COMMENTS = YES;
				CLANG_WARN_EMPTY_BODY = YES;
				CLANG_WARN_ENUM_CONVERSION = YES;
				CLANG_WARN_INFINITE_RECURSION = YES;
				CLANG_WARN_INT_CONVERSION = YES;
				CLANG_WARN_NON_LITERAL_NULL_CONVERSION = YES;
				CLANG_WARN_OBJC_IMPLICIT_RETAIN_SELF = YES;
				CLANG_WARN_OBJC_LITERAL_CONVERSION = YES;
				CLANG_WARN_OBJC_ROOT_CLASS = YES_ERROR;
				CLANG_WARN_QUOTED_INCLUDE_IN_FRAMEWORK_HEADER = YES;
				CLANG_WARN_RANGE_LOOP_ANALYSIS = YES;
				CLANG_WARN_STRICT_PROTOTYPES = YES;
				CLANG_WARN_SUSPICIOUS_MOVE = YES;
				CLANG_WARN_UNGUARDED_AVAILABILITY = YES_AGGRESSIVE;
				CLANG_WARN_UNREACHABLE_CODE = YES;
				CLANG_WARN__DUPLICATE_METHOD_MATCH = YES;
				COPY_PHASE_STRIP = NO;
				DEBUG_INFORMATION_FORMAT = "dwarf-with-dsym";
				ENABLE_NS_ASSERTIONS = NO;
				ENABLE_STRICT_OBJC_MSGSEND = YES;
				GCC_C_LANGUAGE_STANDARD = gnu11;
				GCC_NO_COMMON_BLOCKS = YES;
				GCC_WARN_64_TO_32_BIT_CONVERSION = YES;
				GCC_WARN_ABOUT_RETURN_TYPE = YES_ERROR;
				GCC_WARN_UNDECLARED_SELECTOR = YES;
				GCC_WARN_UNINITIALIZED_AUTOS = YES_AGGRESSIVE;
				GCC_WARN_UNUSED_FUNCTION = YES;
				GCC_WARN_UNUSED_VARIABLE = YES;
				IPHONEOS_DEPLOYMENT_TARGET = 13.6;
				MTL_ENABLE_DEBUG_INFO = NO;
				MTL_FAST_MATH = YES;
				SDKROOT = iphoneos;
				SWIFT_COMPILATION_MODE = wholemodule;
				SWIFT_OPTIMIZATION_LEVEL = "-O";
				VALIDATE_PRODUCT = YES;
			};
			name = Release;
		};
		F5A318A224EFCDFB00F7CE77 /* Debug */ = {
			isa = XCBuildConfiguration;
			baseConfigurationReference = B91E8455D9874E5C7A9E70AA /* Pods-MovieNotes.debug.xcconfig */;
			buildSettings = {
				ASSETCATALOG_COMPILER_APPICON_NAME = AppIcon;
				CODE_SIGN_STYLE = Automatic;
				CURRENT_PROJECT_VERSION = 1;
				DEVELOPMENT_TEAM = 4V89KEZWRU;
				INFOPLIST_FILE = "MovieNotes/Suporting files/Info.plist";
				IPHONEOS_DEPLOYMENT_TARGET = 13.0;
				LD_RUNPATH_SEARCH_PATHS = (
					"$(inherited)",
					"@executable_path/Frameworks",
				);
				MARKETING_VERSION = 1.0;
				PRODUCT_BUNDLE_IDENTIFIER = com.sbvprojects.MovieNotes;
				PRODUCT_NAME = "$(TARGET_NAME)";
				SWIFT_VERSION = 5.0;
				TARGETED_DEVICE_FAMILY = 1;
			};
			name = Debug;
		};
		F5A318A324EFCDFB00F7CE77 /* Release */ = {
			isa = XCBuildConfiguration;
			baseConfigurationReference = 897F19677FCD322C22B147B0 /* Pods-MovieNotes.release.xcconfig */;
			buildSettings = {
				ASSETCATALOG_COMPILER_APPICON_NAME = AppIcon;
				CODE_SIGN_STYLE = Automatic;
				CURRENT_PROJECT_VERSION = 1;
				DEVELOPMENT_TEAM = 4V89KEZWRU;
				INFOPLIST_FILE = "MovieNotes/Suporting files/Info.plist";
				IPHONEOS_DEPLOYMENT_TARGET = 13.0;
				LD_RUNPATH_SEARCH_PATHS = (
					"$(inherited)",
					"@executable_path/Frameworks",
				);
				MARKETING_VERSION = 1.0;
				PRODUCT_BUNDLE_IDENTIFIER = com.sbvprojects.MovieNotes;
				PRODUCT_NAME = "$(TARGET_NAME)";
				SWIFT_VERSION = 5.0;
				TARGETED_DEVICE_FAMILY = 1;
			};
			name = Release;
		};
		F5C54FBE250A563C00C2C3A8 /* Debug */ = {
			isa = XCBuildConfiguration;
			baseConfigurationReference = 10F5F39C3A637A3DE0745CCD /* Pods-MovieNotesTests.debug.xcconfig */;
			buildSettings = {
				BUNDLE_LOADER = "$(TEST_HOST)";
				CODE_SIGN_STYLE = Automatic;
				DEVELOPMENT_TEAM = 4V89KEZWRU;
				INFOPLIST_FILE = MovieNotesTests/Info.plist;
				LD_RUNPATH_SEARCH_PATHS = (
					"$(inherited)",
					"@executable_path/Frameworks",
					"@loader_path/Frameworks",
				);
				PRODUCT_BUNDLE_IDENTIFIER = com.sbvprojects.MovieNotesTests;
				PRODUCT_NAME = "$(TARGET_NAME)";
				SWIFT_VERSION = 5.0;
				TARGETED_DEVICE_FAMILY = "1,2";
				TEST_HOST = "$(BUILT_PRODUCTS_DIR)/MovieNotes.app/MovieNotes";
			};
			name = Debug;
		};
		F5C54FBF250A563C00C2C3A8 /* Release */ = {
			isa = XCBuildConfiguration;
			baseConfigurationReference = 62EBC19501B0C00111422ECD /* Pods-MovieNotesTests.release.xcconfig */;
			buildSettings = {
				BUNDLE_LOADER = "$(TEST_HOST)";
				CODE_SIGN_STYLE = Automatic;
				DEVELOPMENT_TEAM = 4V89KEZWRU;
				INFOPLIST_FILE = MovieNotesTests/Info.plist;
				LD_RUNPATH_SEARCH_PATHS = (
					"$(inherited)",
					"@executable_path/Frameworks",
					"@loader_path/Frameworks",
				);
				PRODUCT_BUNDLE_IDENTIFIER = com.sbvprojects.MovieNotesTests;
				PRODUCT_NAME = "$(TARGET_NAME)";
				SWIFT_VERSION = 5.0;
				TARGETED_DEVICE_FAMILY = "1,2";
				TEST_HOST = "$(BUILT_PRODUCTS_DIR)/MovieNotes.app/MovieNotes";
			};
			name = Release;
		};
/* End XCBuildConfiguration section */

/* Begin XCConfigurationList section */
		F5A3188824EFCDF700F7CE77 /* Build configuration list for PBXProject "MovieNotes" */ = {
			isa = XCConfigurationList;
			buildConfigurations = (
				F5A3189F24EFCDFB00F7CE77 /* Debug */,
				F5A318A024EFCDFB00F7CE77 /* Release */,
			);
			defaultConfigurationIsVisible = 0;
			defaultConfigurationName = Release;
		};
		F5A318A124EFCDFB00F7CE77 /* Build configuration list for PBXNativeTarget "MovieNotes" */ = {
			isa = XCConfigurationList;
			buildConfigurations = (
				F5A318A224EFCDFB00F7CE77 /* Debug */,
				F5A318A324EFCDFB00F7CE77 /* Release */,
			);
			defaultConfigurationIsVisible = 0;
			defaultConfigurationName = Release;
		};
		F5C54FC0250A563C00C2C3A8 /* Build configuration list for PBXNativeTarget "MovieNotesTests" */ = {
			isa = XCConfigurationList;
			buildConfigurations = (
				F5C54FBE250A563C00C2C3A8 /* Debug */,
				F5C54FBF250A563C00C2C3A8 /* Release */,
			);
			defaultConfigurationIsVisible = 0;
			defaultConfigurationName = Release;
		};
/* End XCConfigurationList section */
	};
	rootObject = F5A3188524EFCDF700F7CE77 /* Project object */;
}
